
Microsoft Visual Studio Solution File, Format Version 12.00
# Visual Studio 15
VisualStudioVersion = 15.0.28307.757
MinimumVisualStudioVersion = 10.0.40219.1
Project("{FAE04EC0-301F-11D3-BF4B-00C04F79EFBC}") = "AlertDiyalog.Android", "AlertDiyalog\AlertDiyalog.Android\AlertDiyalog.Android.csproj", "{08A400C6-965A-4C2B-9310-468F73F427AD}"
EndProject
Project("{FAE04EC0-301F-11D3-BF4B-00C04F79EFBC}") = "AlertDiyalog.iOS", "AlertDiyalog\AlertDiyalog.iOS\AlertDiyalog.iOS.csproj", "{C9C0231F-1016-4C91-ADCB-EF0D73244AAD}"
EndProject
Project("{FAE04EC0-301F-11D3-BF4B-00C04F79EFBC}") = "AlertDiyalog.UWP", "AlertDiyalog\AlertDiyalog.UWP\AlertDiyalog.UWP.csproj", "{8AE633AD-DB02-47F4-A247-9C4A28E6C7F0}"
EndProject
Project("{FAE04EC0-301F-11D3-BF4B-00C04F79EFBC}") = "AlertDiyalog", "AlertDiyalog\AlertDiyalog\AlertDiyalog.csproj", "{232E10FE-DB26-4326-ABBB-D6E19A0A4EAC}"
EndProject
Global
	GlobalSection(SolutionConfigurationPlatforms) = preSolution
		Ad-Hoc|Any CPU = Ad-Hoc|Any CPU
		Ad-Hoc|ARM = Ad-Hoc|ARM
		Ad-Hoc|iPhone = Ad-Hoc|iPhone
		Ad-Hoc|iPhoneSimulator = Ad-Hoc|iPhoneSimulator
		Ad-Hoc|x64 = Ad-Hoc|x64
		Ad-Hoc|x86 = Ad-Hoc|x86
		AppStore|Any CPU = AppStore|Any CPU
		AppStore|ARM = AppStore|ARM
		AppStore|iPhone = AppStore|iPhone
		AppStore|iPhoneSimulator = AppStore|iPhoneSimulator
		AppStore|x64 = AppStore|x64
		AppStore|x86 = AppStore|x86
		Debug|Any CPU = Debug|Any CPU
		Debug|ARM = Debug|ARM
		Debug|iPhone = Debug|iPhone
		Debug|iPhoneSimulator = Debug|iPhoneSimulator
		Debug|x64 = Debug|x64
		Debug|x86 = Debug|x86
		Release|Any CPU = Release|Any CPU
		Release|ARM = Release|ARM
		Release|iPhone = Release|iPhone
		Release|iPhoneSimulator = Release|iPhoneSimulator
		Release|x64 = Release|x64
		Release|x86 = Release|x86
	EndGlobalSection
	GlobalSection(ProjectConfigurationPlatforms) = postSolution
		{08A400C6-965A-4C2B-9310-468F73F427AD}.Ad-Hoc|Any CPU.ActiveCfg = Release|Any CPU
		{08A400C6-965A-4C2B-9310-468F73F427AD}.Ad-Hoc|Any CPU.Build.0 = Release|Any CPU
		{08A400C6-965A-4C2B-9310-468F73F427AD}.Ad-Hoc|Any CPU.Deploy.0 = Release|Any CPU
		{08A400C6-965A-4C2B-9310-468F73F427AD}.Ad-Hoc|ARM.ActiveCfg = Release|Any CPU
		{08A400C6-965A-4C2B-9310-468F73F427AD}.Ad-Hoc|ARM.Build.0 = Release|Any CPU
		{08A400C6-965A-4C2B-9310-468F73F427AD}.Ad-Hoc|ARM.Deploy.0 = Release|Any CPU
		{08A400C6-965A-4C2B-9310-468F73F427AD}.Ad-Hoc|iPhone.ActiveCfg = Release|Any CPU
		{08A400C6-965A-4C2B-9310-468F73F427AD}.Ad-Hoc|iPhone.Build.0 = Release|Any CPU
		{08A400C6-965A-4C2B-9310-468F73F427AD}.Ad-Hoc|iPhone.Deploy.0 = Release|Any CPU
		{08A400C6-965A-4C2B-9310-468F73F427AD}.Ad-Hoc|iPhoneSimulator.ActiveCfg = Release|Any CPU
		{08A400C6-965A-4C2B-9310-468F73F427AD}.Ad-Hoc|iPhoneSimulator.Build.0 = Release|Any CPU
		{08A400C6-965A-4C2B-9310-468F73F427AD}.Ad-Hoc|iPhoneSimulator.Deploy.0 = Release|Any CPU
		{08A400C6-965A-4C2B-9310-468F73F427AD}.Ad-Hoc|x64.ActiveCfg = Release|Any CPU
		{08A400C6-965A-4C2B-9310-468F73F427AD}.Ad-Hoc|x64.Build.0 = Release|Any CPU
		{08A400C6-965A-4C2B-9310-468F73F427AD}.Ad-Hoc|x64.Deploy.0 = Release|Any CPU
		{08A400C6-965A-4C2B-9310-468F73F427AD}.Ad-Hoc|x86.ActiveCfg = Release|Any CPU
		{08A400C6-965A-4C2B-9310-468F73F427AD}.Ad-Hoc|x86.Build.0 = Release|Any CPU
		{08A400C6-965A-4C2B-9310-468F73F427AD}.Ad-Hoc|x86.Deploy.0 = Release|Any CPU
		{08A400C6-965A-4C2B-9310-468F73F427AD}.AppStore|Any CPU.ActiveCfg = Release|Any CPU
		{08A400C6-965A-4C2B-9310-468F73F427AD}.AppStore|Any CPU.Build.0 = Release|Any CPU
		{08A400C6-965A-4C2B-9310-468F73F427AD}.AppStore|Any CPU.Deploy.0 = Release|Any CPU
		{08A400C6-965A-4C2B-9310-468F73F427AD}.AppStore|ARM.ActiveCfg = Release|Any CPU
		{08A400C6-965A-4C2B-9310-468F73F427AD}.AppStore|ARM.Build.0 = Release|Any CPU
		{08A400C6-965A-4C2B-9310-468F73F427AD}.AppStore|ARM.Deploy.0 = Release|Any CPU
		{08A400C6-965A-4C2B-9310-468F73F427AD}.AppStore|iPhone.ActiveCfg = Release|Any CPU
		{08A400C6-965A-4C2B-9310-468F73F427AD}.AppStore|iPhone.Build.0 = Release|Any CPU
		{08A400C6-965A-4C2B-9310-468F73F427AD}.AppStore|iPhone.Deploy.0 = Release|Any CPU
		{08A400C6-965A-4C2B-9310-468F73F427AD}.AppStore|iPhoneSimulator.ActiveCfg = Release|Any CPU
		{08A400C6-965A-4C2B-9310-468F73F427AD}.AppStore|iPhoneSimulator.Build.0 = Release|Any CPU
		{08A400C6-965A-4C2B-9310-468F73F427AD}.AppStore|iPhoneSimulator.Deploy.0 = Release|Any CPU
		{08A400C6-965A-4C2B-9310-468F73F427AD}.AppStore|x64.ActiveCfg = Release|Any CPU
		{08A400C6-965A-4C2B-9310-468F73F427AD}.AppStore|x64.Build.0 = Release|Any CPU
		{08A400C6-965A-4C2B-9310-468F73F427AD}.AppStore|x64.Deploy.0 = Release|Any CPU
		{08A400C6-965A-4C2B-9310-468F73F427AD}.AppStore|x86.ActiveCfg = Release|Any CPU
		{08A400C6-965A-4C2B-9310-468F73F427AD}.AppStore|x86.Build.0 = Release|Any CPU
		{08A400C6-965A-4C2B-9310-468F73F427AD}.AppStore|x86.Deploy.0 = Release|Any CPU
		{08A400C6-965A-4C2B-9310-468F73F427AD}.Debug|Any CPU.ActiveCfg = Debug|Any CPU
		{08A400C6-965A-4C2B-9310-468F73F427AD}.Debug|Any CPU.Build.0 = Debug|Any CPU
		{08A400C6-965A-4C2B-9310-468F73F427AD}.Debug|Any CPU.Deploy.0 = Debug|Any CPU
		{08A400C6-965A-4C2B-9310-468F73F427AD}.Debug|ARM.ActiveCfg = Debug|Any CPU
		{08A400C6-965A-4C2B-9310-468F73F427AD}.Debug|ARM.Build.0 = Debug|Any CPU
		{08A400C6-965A-4C2B-9310-468F73F427AD}.Debug|ARM.Deploy.0 = Debug|Any CPU
		{08A400C6-965A-4C2B-9310-468F73F427AD}.Debug|iPhone.ActiveCfg = Debug|Any CPU
		{08A400C6-965A-4C2B-9310-468F73F427AD}.Debug|iPhone.Build.0 = Debug|Any CPU
		{08A400C6-965A-4C2B-9310-468F73F427AD}.Debug|iPhone.Deploy.0 = Debug|Any CPU
		{08A400C6-965A-4C2B-9310-468F73F427AD}.Debug|iPhoneSimulator.ActiveCfg = Debug|Any CPU
		{08A400C6-965A-4C2B-9310-468F73F427AD}.Debug|iPhoneSimulator.Build.0 = Debug|Any CPU
		{08A400C6-965A-4C2B-9310-468F73F427AD}.Debug|iPhoneSimulator.Deploy.0 = Debug|Any CPU
		{08A400C6-965A-4C2B-9310-468F73F427AD}.Debug|x64.ActiveCfg = Debug|Any CPU
		{08A400C6-965A-4C2B-9310-468F73F427AD}.Debug|x64.Build.0 = Debug|Any CPU
		{08A400C6-965A-4C2B-9310-468F73F427AD}.Debug|x64.Deploy.0 = Debug|Any CPU
		{08A400C6-965A-4C2B-9310-468F73F427AD}.Debug|x86.ActiveCfg = Debug|Any CPU
		{08A400C6-965A-4C2B-9310-468F73F427AD}.Debug|x86.Build.0 = Debug|Any CPU
		{08A400C6-965A-4C2B-9310-468F73F427AD}.Debug|x86.Deploy.0 = Debug|Any CPU
		{08A400C6-965A-4C2B-9310-468F73F427AD}.Release|Any CPU.ActiveCfg = Release|Any CPU
		{08A400C6-965A-4C2B-9310-468F73F427AD}.Release|Any CPU.Build.0 = Release|Any CPU
		{08A400C6-965A-4C2B-9310-468F73F427AD}.Release|Any CPU.Deploy.0 = Release|Any CPU
		{08A400C6-965A-4C2B-9310-468F73F427AD}.Release|ARM.ActiveCfg = Release|Any CPU
		{08A400C6-965A-4C2B-9310-468F73F427AD}.Release|ARM.Build.0 = Release|Any CPU
		{08A400C6-965A-4C2B-9310-468F73F427AD}.Release|ARM.Deploy.0 = Release|Any CPU
		{08A400C6-965A-4C2B-9310-468F73F427AD}.Release|iPhone.ActiveCfg = Release|Any CPU
		{08A400C6-965A-4C2B-9310-468F73F427AD}.Release|iPhone.Build.0 = Release|Any CPU
		{08A400C6-965A-4C2B-9310-468F73F427AD}.Release|iPhone.Deploy.0 = Release|Any CPU
		{08A400C6-965A-4C2B-9310-468F73F427AD}.Release|iPhoneSimulator.ActiveCfg = Release|Any CPU
		{08A400C6-965A-4C2B-9310-468F73F427AD}.Release|iPhoneSimulator.Build.0 = Release|Any CPU
		{08A400C6-965A-4C2B-9310-468F73F427AD}.Release|iPhoneSimulator.Deploy.0 = Release|Any CPU
		{08A400C6-965A-4C2B-9310-468F73F427AD}.Release|x64.ActiveCfg = Release|Any CPU
		{08A400C6-965A-4C2B-9310-468F73F427AD}.Release|x64.Build.0 = Release|Any CPU
		{08A400C6-965A-4C2B-9310-468F73F427AD}.Release|x64.Deploy.0 = Release|Any CPU
		{08A400C6-965A-4C2B-9310-468F73F427AD}.Release|x86.ActiveCfg = Release|Any CPU
		{08A400C6-965A-4C2B-9310-468F73F427AD}.Release|x86.Build.0 = Release|Any CPU
		{08A400C6-965A-4C2B-9310-468F73F427AD}.Release|x86.Deploy.0 = Release|Any CPU
		{C9C0231F-1016-4C91-ADCB-EF0D73244AAD}.Ad-Hoc|Any CPU.ActiveCfg = Ad-Hoc|iPhone
		{C9C0231F-1016-4C91-ADCB-EF0D73244AAD}.Ad-Hoc|Any CPU.Build.0 = Ad-Hoc|iPhone
		{C9C0231F-1016-4C91-ADCB-EF0D73244AAD}.Ad-Hoc|Any CPU.Deploy.0 = Ad-Hoc|iPhone
		{C9C0231F-1016-4C91-ADCB-EF0D73244AAD}.Ad-Hoc|ARM.ActiveCfg = Ad-Hoc|iPhone
		{C9C0231F-1016-4C91-ADCB-EF0D73244AAD}.Ad-Hoc|ARM.Build.0 = Ad-Hoc|iPhone
		{C9C0231F-1016-4C91-ADCB-EF0D73244AAD}.Ad-Hoc|ARM.Deploy.0 = Ad-Hoc|iPhone
		{C9C0231F-1016-4C91-ADCB-EF0D73244AAD}.Ad-Hoc|iPhone.ActiveCfg = Ad-Hoc|iPhone
		{C9C0231F-1016-4C91-ADCB-EF0D73244AAD}.Ad-Hoc|iPhone.Build.0 = Ad-Hoc|iPhone
		{C9C0231F-1016-4C91-ADCB-EF0D73244AAD}.Ad-Hoc|iPhone.Deploy.0 = Ad-Hoc|iPhone
		{C9C0231F-1016-4C91-ADCB-EF0D73244AAD}.Ad-Hoc|iPhoneSimulator.ActiveCfg = Ad-Hoc|iPhoneSimulator
		{C9C0231F-1016-4C91-ADCB-EF0D73244AAD}.Ad-Hoc|iPhoneSimulator.Build.0 = Ad-Hoc|iPhoneSimulator
		{C9C0231F-1016-4C91-ADCB-EF0D73244AAD}.Ad-Hoc|iPhoneSimulator.Deploy.0 = Ad-Hoc|iPhoneSimulator
		{C9C0231F-1016-4C91-ADCB-EF0D73244AAD}.Ad-Hoc|x64.ActiveCfg = Ad-Hoc|iPhone
		{C9C0231F-1016-4C91-ADCB-EF0D73244AAD}.Ad-Hoc|x64.Build.0 = Ad-Hoc|iPhone
		{C9C0231F-1016-4C91-ADCB-EF0D73244AAD}.Ad-Hoc|x64.Deploy.0 = Ad-Hoc|iPhone
		{C9C0231F-1016-4C91-ADCB-EF0D73244AAD}.Ad-Hoc|x86.ActiveCfg = Ad-Hoc|iPhone
		{C9C0231F-1016-4C91-ADCB-EF0D73244AAD}.Ad-Hoc|x86.Build.0 = Ad-Hoc|iPhone
		{C9C0231F-1016-4C91-ADCB-EF0D73244AAD}.Ad-Hoc|x86.Deploy.0 = Ad-Hoc|iPhone
		{C9C0231F-1016-4C91-ADCB-EF0D73244AAD}.AppStore|Any CPU.ActiveCfg = AppStore|iPhone
		{C9C0231F-1016-4C91-ADCB-EF0D73244AAD}.AppStore|Any CPU.Build.0 = AppStore|iPhone
		{C9C0231F-1016-4C91-ADCB-EF0D73244AAD}.AppStore|Any CPU.Deploy.0 = AppStore|iPhone
		{C9C0231F-1016-4C91-ADCB-EF0D73244AAD}.AppStore|ARM.ActiveCfg = AppStore|iPhone
		{C9C0231F-1016-4C91-ADCB-EF0D73244AAD}.AppStore|ARM.Build.0 = AppStore|iPhone
		{C9C0231F-1016-4C91-ADCB-EF0D73244AAD}.AppStore|ARM.Deploy.0 = AppStore|iPhone
		{C9C0231F-1016-4C91-ADCB-EF0D73244AAD}.AppStore|iPhone.ActiveCfg = AppStore|iPhone
		{C9C0231F-1016-4C91-ADCB-EF0D73244AAD}.AppStore|iPhone.Build.0 = AppStore|iPhone
		{C9C0231F-1016-4C91-ADCB-EF0D73244AAD}.AppStore|iPhone.Deploy.0 = AppStore|iPhone
		{C9C0231F-1016-4C91-ADCB-EF0D73244AAD}.AppStore|iPhoneSimulator.ActiveCfg = AppStore|iPhoneSimulator
		{C9C0231F-1016-4C91-ADCB-EF0D73244AAD}.AppStore|iPhoneSimulator.Build.0 = AppStore|iPhoneSimulator
		{C9C0231F-1016-4C91-ADCB-EF0D73244AAD}.AppStore|iPhoneSimulator.Deploy.0 = AppStore|iPhoneSimulator
		{C9C0231F-1016-4C91-ADCB-EF0D73244AAD}.AppStore|x64.ActiveCfg = AppStore|iPhone
		{C9C0231F-1016-4C91-ADCB-EF0D73244AAD}.AppStore|x64.Build.0 = AppStore|iPhone
		{C9C0231F-1016-4C91-ADCB-EF0D73244AAD}.AppStore|x64.Deploy.0 = AppStore|iPhone
		{C9C0231F-1016-4C91-ADCB-EF0D73244AAD}.AppStore|x86.ActiveCfg = AppStore|iPhone
		{C9C0231F-1016-4C91-ADCB-EF0D73244AAD}.AppStore|x86.Build.0 = AppStore|iPhone
		{C9C0231F-1016-4C91-ADCB-EF0D73244AAD}.AppStore|x86.Deploy.0 = AppStore|iPhone
		{C9C0231F-1016-4C91-ADCB-EF0D73244AAD}.Debug|Any CPU.ActiveCfg = Debug|iPhoneSimulator
		{C9C0231F-1016-4C91-ADCB-EF0D73244AAD}.Debug|Any CPU.Build.0 = Debug|iPhoneSimulator
		{C9C0231F-1016-4C91-ADCB-EF0D73244AAD}.Debug|Any CPU.Deploy.0 = Debug|iPhoneSimulator
		{C9C0231F-1016-4C91-ADCB-EF0D73244AAD}.Debug|ARM.ActiveCfg = Debug|iPhone
		{C9C0231F-1016-4C91-ADCB-EF0D73244AAD}.Debug|ARM.Build.0 = Debug|iPhone
		{C9C0231F-1016-4C91-ADCB-EF0D73244AAD}.Debug|ARM.Deploy.0 = Debug|iPhone
		{C9C0231F-1016-4C91-ADCB-EF0D73244AAD}.Debug|iPhone.ActiveCfg = Debug|iPhone
		{C9C0231F-1016-4C91-ADCB-EF0D73244AAD}.Debug|iPhone.Build.0 = Debug|iPhone
		{C9C0231F-1016-4C91-ADCB-EF0D73244AAD}.Debug|iPhone.Deploy.0 = Debug|iPhone
		{C9C0231F-1016-4C91-ADCB-EF0D73244AAD}.Debug|iPhoneSimulator.ActiveCfg = Debug|iPhoneSimulator
		{C9C0231F-1016-4C91-ADCB-EF0D73244AAD}.Debug|iPhoneSimulator.Build.0 = Debug|iPhoneSimulator
		{C9C0231F-1016-4C91-ADCB-EF0D73244AAD}.Debug|iPhoneSimulator.Deploy.0 = Debug|iPhoneSimulator
		{C9C0231F-1016-4C91-ADCB-EF0D73244AAD}.Debug|x64.ActiveCfg = Debug|iPhone
		{C9C0231F-1016-4C91-ADCB-EF0D73244AAD}.Debug|x64.Build.0 = Debug|iPhone
		{C9C0231F-1016-4C91-ADCB-EF0D73244AAD}.Debug|x64.Deploy.0 = Debug|iPhone
		{C9C0231F-1016-4C91-ADCB-EF0D73244AAD}.Debug|x86.ActiveCfg = Debug|iPhone
		{C9C0231F-1016-4C91-ADCB-EF0D73244AAD}.Debug|x86.Build.0 = Debug|iPhone
		{C9C0231F-1016-4C91-ADCB-EF0D73244AAD}.Debug|x86.Deploy.0 = Debug|iPhone
		{C9C0231F-1016-4C91-ADCB-EF0D73244AAD}.Release|Any CPU.ActiveCfg = Release|iPhone
		{C9C0231F-1016-4C91-ADCB-EF0D73244AAD}.Release|Any CPU.Build.0 = Release|iPhone
		{C9C0231F-1016-4C91-ADCB-EF0D73244AAD}.Release|Any CPU.Deploy.0 = Release|iPhone
		{C9C0231F-1016-4C91-ADCB-EF0D73244AAD}.Release|ARM.ActiveCfg = Release|iPhone
		{C9C0231F-1016-4C91-ADCB-EF0D73244AAD}.Release|ARM.Build.0 = Release|iPhone
		{C9C0231F-1016-4C91-ADCB-EF0D73244AAD}.Release|ARM.Deploy.0 = Release|iPhone
		{C9C0231F-1016-4C91-ADCB-EF0D73244AAD}.Release|iPhone.ActiveCfg = Release|iPhone
		{C9C0231F-1016-4C91-ADCB-EF0D73244AAD}.Release|iPhone.Build.0 = Release|iPhone
		{C9C0231F-1016-4C91-ADCB-EF0D73244AAD}.Release|iPhone.Deploy.0 = Release|iPhone
		{C9C0231F-1016-4C91-ADCB-EF0D73244AAD}.Release|iPhoneSimulator.ActiveCfg = Release|iPhoneSimulator
		{C9C0231F-1016-4C91-ADCB-EF0D73244AAD}.Release|iPhoneSimulator.Build.0 = Release|iPhoneSimulator
		{C9C0231F-1016-4C91-ADCB-EF0D73244AAD}.Release|iPhoneSimulator.Deploy.0 = Release|iPhoneSimulator
		{C9C0231F-1016-4C91-ADCB-EF0D73244AAD}.Release|x64.ActiveCfg = Release|iPhone
		{C9C0231F-1016-4C91-ADCB-EF0D73244AAD}.Release|x64.Build.0 = Release|iPhone
		{C9C0231F-1016-4C91-ADCB-EF0D73244AAD}.Release|x64.Deploy.0 = Release|iPhone
		{C9C0231F-1016-4C91-ADCB-EF0D73244AAD}.Release|x86.ActiveCfg = Release|iPhone
		{C9C0231F-1016-4C91-ADCB-EF0D73244AAD}.Release|x86.Build.0 = Release|iPhone
		{C9C0231F-1016-4C91-ADCB-EF0D73244AAD}.Release|x86.Deploy.0 = Release|iPhone
		{8AE633AD-DB02-47F4-A247-9C4A28E6C7F0}.Ad-Hoc|Any CPU.ActiveCfg = Release|x86
		{8AE633AD-DB02-47F4-A247-9C4A28E6C7F0}.Ad-Hoc|Any CPU.Build.0 = Release|x86
		{8AE633AD-DB02-47F4-A247-9C4A28E6C7F0}.Ad-Hoc|Any CPU.Deploy.0 = Release|x86
		{8AE633AD-DB02-47F4-A247-9C4A28E6C7F0}.Ad-Hoc|ARM.ActiveCfg = Release|ARM
		{8AE633AD-DB02-47F4-A247-9C4A28E6C7F0}.Ad-Hoc|ARM.Build.0 = Release|ARM
		{8AE633AD-DB02-47F4-A247-9C4A28E6C7F0}.Ad-Hoc|ARM.Deploy.0 = Release|ARM
		{8AE633AD-DB02-47F4-A247-9C4A28E6C7F0}.Ad-Hoc|iPhone.ActiveCfg = Release|x86
		{8AE633AD-DB02-47F4-A247-9C4A28E6C7F0}.Ad-Hoc|iPhone.Build.0 = Release|x86
		{8AE633AD-DB02-47F4-A247-9C4A28E6C7F0}.Ad-Hoc|iPhone.Deploy.0 = Release|x86
		{8AE633AD-DB02-47F4-A247-9C4A28E6C7F0}.Ad-Hoc|iPhoneSimulator.ActiveCfg = Release|x86
		{8AE633AD-DB02-47F4-A247-9C4A28E6C7F0}.Ad-Hoc|iPhoneSimulator.Build.0 = Release|x86
		{8AE633AD-DB02-47F4-A247-9C4A28E6C7F0}.Ad-Hoc|iPhoneSimulator.Deploy.0 = Release|x86
		{8AE633AD-DB02-47F4-A247-9C4A28E6C7F0}.Ad-Hoc|x64.ActiveCfg = Release|x64
		{8AE633AD-DB02-47F4-A247-9C4A28E6C7F0}.Ad-Hoc|x64.Build.0 = Release|x64
		{8AE633AD-DB02-47F4-A247-9C4A28E6C7F0}.Ad-Hoc|x64.Deploy.0 = Release|x64
		{8AE633AD-DB02-47F4-A247-9C4A28E6C7F0}.Ad-Hoc|x86.ActiveCfg = Release|x86
		{8AE633AD-DB02-47F4-A247-9C4A28E6C7F0}.Ad-Hoc|x86.Build.0 = Release|x86
		{8AE633AD-DB02-47F4-A247-9C4A28E6C7F0}.Ad-Hoc|x86.Deploy.0 = Release|x86
		{8AE633AD-DB02-47F4-A247-9C4A28E6C7F0}.AppStore|Any CPU.ActiveCfg = Release|x86
		{8AE633AD-DB02-47F4-A247-9C4A28E6C7F0}.AppStore|Any CPU.Build.0 = Release|x86
		{8AE633AD-DB02-47F4-A247-9C4A28E6C7F0}.AppStore|Any CPU.Deploy.0 = Release|x86
		{8AE633AD-DB02-47F4-A247-9C4A28E6C7F0}.AppStore|ARM.ActiveCfg = Release|ARM
		{8AE633AD-DB02-47F4-A247-9C4A28E6C7F0}.AppStore|ARM.Build.0 = Release|ARM
		{8AE633AD-DB02-47F4-A247-9C4A28E6C7F0}.AppStore|ARM.Deploy.0 = Release|ARM
		{8AE633AD-DB02-47F4-A247-9C4A28E6C7F0}.AppStore|iPhone.ActiveCfg = Release|x86
		{8AE633AD-DB02-47F4-A247-9C4A28E6C7F0}.AppStore|iPhone.Build.0 = Release|x86
		{8AE633AD-DB02-47F4-A247-9C4A28E6C7F0}.AppStore|iPhone.Deploy.0 = Release|x86
		{8AE633AD-DB02-47F4-A247-9C4A28E6C7F0}.AppStore|iPhoneSimulator.ActiveCfg = Release|x86
		{8AE633AD-DB02-47F4-A247-9C4A28E6C7F0}.AppStore|iPhoneSimulator.Build.0 = Release|x86
		{8AE633AD-DB02-47F4-A247-9C4A28E6C7F0}.AppStore|iPhoneSimulator.Deploy.0 = Release|x86
		{8AE633AD-DB02-47F4-A247-9C4A28E6C7F0}.AppStore|x64.ActiveCfg = Release|x64
		{8AE633AD-DB02-47F4-A247-9C4A28E6C7F0}.AppStore|x64.Build.0 = Release|x64
		{8AE633AD-DB02-47F4-A247-9C4A28E6C7F0}.AppStore|x64.Deploy.0 = Release|x64
		{8AE633AD-DB02-47F4-A247-9C4A28E6C7F0}.AppStore|x86.ActiveCfg = Release|x86
		{8AE633AD-DB02-47F4-A247-9C4A28E6C7F0}.AppStore|x86.Build.0 = Release|x86
		{8AE633AD-DB02-47F4-A247-9C4A28E6C7F0}.AppStore|x86.Deploy.0 = Release|x86
		{8AE633AD-DB02-47F4-A247-9C4A28E6C7F0}.Debug|Any CPU.ActiveCfg = Debug|x86
		{8AE633AD-DB02-47F4-A247-9C4A28E6C7F0}.Debug|Any CPU.Build.0 = Debug|x86
		{8AE633AD-DB02-47F4-A247-9C4A28E6C7F0}.Debug|Any CPU.Deploy.0 = Debug|x86
		{8AE633AD-DB02-47F4-A247-9C4A28E6C7F0}.Debug|ARM.ActiveCfg = Debug|ARM
		{8AE633AD-DB02-47F4-A247-9C4A28E6C7F0}.Debug|ARM.Build.0 = Debug|ARM
		{8AE633AD-DB02-47F4-A247-9C4A28E6C7F0}.Debug|ARM.Deploy.0 = Debug|ARM
		{8AE633AD-DB02-47F4-A247-9C4A28E6C7F0}.Debug|iPhone.ActiveCfg = Debug|x86
		{8AE633AD-DB02-47F4-A247-9C4A28E6C7F0}.Debug|iPhone.Build.0 = Debug|x86
		{8AE633AD-DB02-47F4-A247-9C4A28E6C7F0}.Debug|iPhone.Deploy.0 = Debug|x86
		{8AE633AD-DB02-47F4-A247-9C4A28E6C7F0}.Debug|iPhoneSimulator.ActiveCfg = Debug|x86
		{8AE633AD-DB02-47F4-A247-9C4A28E6C7F0}.Debug|iPhoneSimulator.Build.0 = Debug|x86
		{8AE633AD-DB02-47F4-A247-9C4A28E6C7F0}.Debug|iPhoneSimulator.Deploy.0 = Debug|x86
		{8AE633AD-DB02-47F4-A247-9C4A28E6C7F0}.Debug|x64.ActiveCfg = Debug|x64
		{8AE633AD-DB02-47F4-A247-9C4A28E6C7F0}.Debug|x64.Build.0 = Debug|x64
		{8AE633AD-DB02-47F4-A247-9C4A28E6C7F0}.Debug|x64.Deploy.0 = Debug|x64
		{8AE633AD-DB02-47F4-A247-9C4A28E6C7F0}.Debug|x86.ActiveCfg = Debug|x86
		{8AE633AD-DB02-47F4-A247-9C4A28E6C7F0}.Debug|x86.Build.0 = Debug|x86
		{8AE633AD-DB02-47F4-A247-9C4A28E6C7F0}.Debug|x86.Deploy.0 = Debug|x86
		{8AE633AD-DB02-47F4-A247-9C4A28E6C7F0}.Release|Any CPU.ActiveCfg = Release|x86
		{8AE633AD-DB02-47F4-A247-9C4A28E6C7F0}.Release|Any CPU.Build.0 = Release|x86
		{8AE633AD-DB02-47F4-A247-9C4A28E6C7F0}.Release|Any CPU.Deploy.0 = Release|x86
		{8AE633AD-DB02-47F4-A247-9C4A28E6C7F0}.Release|ARM.ActiveCfg = Release|ARM
		{8AE633AD-DB02-47F4-A247-9C4A28E6C7F0}.Release|ARM.Build.0 = Release|ARM
		{8AE633AD-DB02-47F4-A247-9C4A28E6C7F0}.Release|ARM.Deploy.0 = Release|ARM
		{8AE633AD-DB02-47F4-A247-9C4A28E6C7F0}.Release|iPhone.ActiveCfg = Release|x86
		{8AE633AD-DB02-47F4-A247-9C4A28E6C7F0}.Release|iPhone.Build.0 = Release|x86
		{8AE633AD-DB02-47F4-A247-9C4A28E6C7F0}.Release|iPhone.Deploy.0 = Release|x86
		{8AE633AD-DB02-47F4-A247-9C4A28E6C7F0}.Release|iPhoneSimulator.ActiveCfg = Release|x86
		{8AE633AD-DB02-47F4-A247-9C4A28E6C7F0}.Release|iPhoneSimulator.Build.0 = Release|x86
		{8AE633AD-DB02-47F4-A247-9C4A28E6C7F0}.Release|iPhoneSimulator.Deploy.0 = Release|x86
		{8AE633AD-DB02-47F4-A247-9C4A28E6C7F0}.Release|x64.ActiveCfg = Release|x64
		{8AE633AD-DB02-47F4-A247-9C4A28E6C7F0}.Release|x64.Build.0 = Release|x64
		{8AE633AD-DB02-47F4-A247-9C4A28E6C7F0}.Release|x64.Deploy.0 = Release|x64
		{8AE633AD-DB02-47F4-A247-9C4A28E6C7F0}.Release|x86.ActiveCfg = Release|x86
		{8AE633AD-DB02-47F4-A247-9C4A28E6C7F0}.Release|x86.Build.0 = Release|x86
		{8AE633AD-DB02-47F4-A247-9C4A28E6C7F0}.Release|x86.Deploy.0 = Release|x86
		{232E10FE-DB26-4326-ABBB-D6E19A0A4EAC}.Ad-Hoc|Any CPU.ActiveCfg = Debug|Any CPU
		{232E10FE-DB26-4326-ABBB-D6E19A0A4EAC}.Ad-Hoc|Any CPU.Build.0 = Debug|Any CPU
		{232E10FE-DB26-4326-ABBB-D6E19A0A4EAC}.Ad-Hoc|Any CPU.Deploy.0 = Debug|Any CPU
		{232E10FE-DB26-4326-ABBB-D6E19A0A4EAC}.Ad-Hoc|ARM.ActiveCfg = Debug|Any CPU
		{232E10FE-DB26-4326-ABBB-D6E19A0A4EAC}.Ad-Hoc|ARM.Build.0 = Debug|Any CPU
		{232E10FE-DB26-4326-ABBB-D6E19A0A4EAC}.Ad-Hoc|ARM.Deploy.0 = Debug|Any CPU
		{232E10FE-DB26-4326-ABBB-D6E19A0A4EAC}.Ad-Hoc|iPhone.ActiveCfg = Debug|Any CPU
		{232E10FE-DB26-4326-ABBB-D6E19A0A4EAC}.Ad-Hoc|iPhone.Build.0 = Debug|Any CPU
		{232E10FE-DB26-4326-ABBB-D6E19A0A4EAC}.Ad-Hoc|iPhone.Deploy.0 = Debug|Any CPU
		{232E10FE-DB26-4326-ABBB-D6E19A0A4EAC}.Ad-Hoc|iPhoneSimulator.ActiveCfg = Debug|Any CPU
		{232E10FE-DB26-4326-ABBB-D6E19A0A4EAC}.Ad-Hoc|iPhoneSimulator.Build.0 = Debug|Any CPU
		{232E10FE-DB26-4326-ABBB-D6E19A0A4EAC}.Ad-Hoc|iPhoneSimulator.Deploy.0 = Debug|Any CPU
		{232E10FE-DB26-4326-ABBB-D6E19A0A4EAC}.Ad-Hoc|x64.ActiveCfg = Debug|Any CPU
		{232E10FE-DB26-4326-ABBB-D6E19A0A4EAC}.Ad-Hoc|x64.Build.0 = Debug|Any CPU
		{232E10FE-DB26-4326-ABBB-D6E19A0A4EAC}.Ad-Hoc|x64.Deploy.0 = Debug|Any CPU
		{232E10FE-DB26-4326-ABBB-D6E19A0A4EAC}.Ad-Hoc|x86.ActiveCfg = Debug|Any CPU
		{232E10FE-DB26-4326-ABBB-D6E19A0A4EAC}.Ad-Hoc|x86.Build.0 = Debug|Any CPU
		{232E10FE-DB26-4326-ABBB-D6E19A0A4EAC}.Ad-Hoc|x86.Deploy.0 = Debug|Any CPU
		{232E10FE-DB26-4326-ABBB-D6E19A0A4EAC}.AppStore|Any CPU.ActiveCfg = Debug|Any CPU
		{232E10FE-DB26-4326-ABBB-D6E19A0A4EAC}.AppStore|Any CPU.Build.0 = Debug|Any CPU
		{232E10FE-DB26-4326-ABBB-D6E19A0A4EAC}.AppStore|Any CPU.Deploy.0 = Debug|Any CPU
		{232E10FE-DB26-4326-ABBB-D6E19A0A4EAC}.AppStore|ARM.ActiveCfg = Debug|Any CPU
		{232E10FE-DB26-4326-ABBB-D6E19A0A4EAC}.AppStore|ARM.Build.0 = Debug|Any CPU
		{232E10FE-DB26-4326-ABBB-D6E19A0A4EAC}.AppStore|ARM.Deploy.0 = Debug|Any CPU
		{232E10FE-DB26-4326-ABBB-D6E19A0A4EAC}.AppStore|iPhone.ActiveCfg = Debug|Any CPU
		{232E10FE-DB26-4326-ABBB-D6E19A0A4EAC}.AppStore|iPhone.Build.0 = Debug|Any CPU
		{232E10FE-DB26-4326-ABBB-D6E19A0A4EAC}.AppStore|iPhone.Deploy.0 = Debug|Any CPU
		{232E10FE-DB26-4326-ABBB-D6E19A0A4EAC}.AppStore|iPhoneSimulator.ActiveCfg = Debug|Any CPU
		{232E10FE-DB26-4326-ABBB-D6E19A0A4EAC}.AppStore|iPhoneSimulator.Build.0 = Debug|Any CPU
		{232E10FE-DB26-4326-ABBB-D6E19A0A4EAC}.AppStore|iPhoneSimulator.Deploy.0 = Debug|Any CPU
		{232E10FE-DB26-4326-ABBB-D6E19A0A4EAC}.AppStore|x64.ActiveCfg = Debug|Any CPU
		{232E10FE-DB26-4326-ABBB-D6E19A0A4EAC}.AppStore|x64.Build.0 = Debug|Any CPU
		{232E10FE-DB26-4326-ABBB-D6E19A0A4EAC}.AppStore|x64.Deploy.0 = Debug|Any CPU
		{232E10FE-DB26-4326-ABBB-D6E19A0A4EAC}.AppStore|x86.ActiveCfg = Debug|Any CPU
		{232E10FE-DB26-4326-ABBB-D6E19A0A4EAC}.AppStore|x86.Build.0 = Debug|Any CPU
		{232E10FE-DB26-4326-ABBB-D6E19A0A4EAC}.AppStore|x86.Deploy.0 = Debug|Any CPU
		{232E10FE-DB26-4326-ABBB-D6E19A0A4EAC}.Debug|Any CPU.ActiveCfg = Debug|Any CPU
		{232E10FE-DB26-4326-ABBB-D6E19A0A4EAC}.Debug|Any CPU.Build.0 = Debug|Any CPU
		{232E10FE-DB26-4326-ABBB-D6E19A0A4EAC}.Debug|Any CPU.Deploy.0 = Debug|Any CPU
		{232E10FE-DB26-4326-ABBB-D6E19A0A4EAC}.Debug|ARM.ActiveCfg = Debug|Any CPU
		{232E10FE-DB26-4326-ABBB-D6E19A0A4EAC}.Debug|ARM.Build.0 = Debug|Any CPU
		{232E10FE-DB26-4326-ABBB-D6E19A0A4EAC}.Debug|ARM.Deploy.0 = Debug|Any CPU
		{232E10FE-DB26-4326-ABBB-D6E19A0A4EAC}.Debug|iPhone.ActiveCfg = Debug|Any CPU
		{232E10FE-DB26-4326-ABBB-D6E19A0A4EAC}.Debug|iPhone.Build.0 = Debug|Any CPU
		{232E10FE-DB26-4326-ABBB-D6E19A0A4EAC}.Debug|iPhone.Deploy.0 = Debug|Any CPU
		{232E10FE-DB26-4326-ABBB-D6E19A0A4EAC}.Debug|iPhoneSimulator.ActiveCfg = Debug|Any CPU
		{232E10FE-DB26-4326-ABBB-D6E19A0A4EAC}.Debug|iPhoneSimulator.Build.0 = Debug|Any CPU
		{232E10FE-DB26-4326-ABBB-D6E19A0A4EAC}.Debug|iPhoneSimulator.Deploy.0 = Debug|Any CPU
		{232E10FE-DB26-4326-ABBB-D6E19A0A4EAC}.Debug|x64.ActiveCfg = Debug|Any CPU
		{232E10FE-DB26-4326-ABBB-D6E19A0A4EAC}.Debug|x64.Build.0 = Debug|Any CPU
		{232E10FE-DB26-4326-ABBB-D6E19A0A4EAC}.Debug|x64.Deploy.0 = Debug|Any CPU
		{232E10FE-DB26-4326-ABBB-D6E19A0A4EAC}.Debug|x86.ActiveCfg = Debug|Any CPU
		{232E10FE-DB26-4326-ABBB-D6E19A0A4EAC}.Debug|x86.Build.0 = Debug|Any CPU
		{232E10FE-DB26-4326-ABBB-D6E19A0A4EAC}.Debug|x86.Deploy.0 = Debug|Any CPU
		{232E10FE-DB26-4326-ABBB-D6E19A0A4EAC}.Release|Any CPU.ActiveCfg = Release|Any CPU
		{232E10FE-DB26-4326-ABBB-D6E19A0A4EAC}.Release|Any CPU.Build.0 = Release|Any CPU
		{232E10FE-DB26-4326-ABBB-D6E19A0A4EAC}.Release|Any CPU.Deploy.0 = Release|Any CPU
		{232E10FE-DB26-4326-ABBB-D6E19A0A4EAC}.Release|ARM.ActiveCfg = Release|Any CPU
		{232E10FE-DB26-4326-ABBB-D6E19A0A4EAC}.Release|ARM.Build.0 = Release|Any CPU
		{232E10FE-DB26-4326-ABBB-D6E19A0A4EAC}.Release|ARM.Deploy.0 = Release|Any CPU
		{232E10FE-DB26-4326-ABBB-D6E19A0A4EAC}.Release|iPhone.ActiveCfg = Release|Any CPU
		{232E10FE-DB26-4326-ABBB-D6E19A0A4EAC}.Release|iPhone.Build.0 = Release|Any CPU
		{232E10FE-DB26-4326-ABBB-D6E19A0A4EAC}.Release|iPhone.Deploy.0 = Release|Any CPU
		{232E10FE-DB26-4326-ABBB-D6E19A0A4EAC}.Release|iPhoneSimulator.ActiveCfg = Release|Any CPU
		{232E10FE-DB26-4326-ABBB-D6E19A0A4EAC}.Release|iPhoneSimulator.Build.0 = Release|Any CPU
		{232E10FE-DB26-4326-ABBB-D6E19A0A4EAC}.Release|iPhoneSimulator.Deploy.0 = Release|Any CPU
		{232E10FE-DB26-4326-ABBB-D6E19A0A4EAC}.Release|x64.ActiveCfg = Release|Any CPU
		{232E10FE-DB26-4326-ABBB-D6E19A0A4EAC}.Release|x64.Build.0 = Release|Any CPU
		{232E10FE-DB26-4326-ABBB-D6E19A0A4EAC}.Release|x64.Deploy.0 = Release|Any CPU
		{232E10FE-DB26-4326-ABBB-D6E19A0A4EAC}.Release|x86.ActiveCfg = Release|Any CPU
		{232E10FE-DB26-4326-ABBB-D6E19A0A4EAC}.Release|x86.Build.0 = Release|Any CPU
		{232E10FE-DB26-4326-ABBB-D6E19A0A4EAC}.Release|x86.Deploy.0 = Release|Any CPU
	EndGlobalSection
	GlobalSection(SolutionProperties) = preSolution
		HideSolutionNode = FALSE
	EndGlobalSection
	GlobalSection(ExtensibilityGlobals) = postSolution
		SolutionGuid = {D671366F-EEAE-4CDF-9575-F5C13DA3AAD3}
	EndGlobalSection
EndGlobal
