
Microsoft Visual Studio Solution File, Format Version 12.00
# Visual Studio 15
VisualStudioVersion = 15.0.28307.757
MinimumVisualStudioVersion = 10.0.40219.1
Project("{FAE04EC0-301F-11D3-BF4B-00C04F79EFBC}") = "xamarin_proje.Android", "xamarin_proje\xamarin_proje.Android\xamarin_proje.Android.csproj", "{38165286-2D20-49C9-9632-8FB277E08358}"
EndProject
Project("{FAE04EC0-301F-11D3-BF4B-00C04F79EFBC}") = "xamarin_proje.iOS", "xamarin_proje\xamarin_proje.iOS\xamarin_proje.iOS.csproj", "{BA6CF7F1-C711-40C3-91FB-D8C0FEB5FF2F}"
EndProject
Project("{FAE04EC0-301F-11D3-BF4B-00C04F79EFBC}") = "xamarin_proje.UWP", "xamarin_proje\xamarin_proje.UWP\xamarin_proje.UWP.csproj", "{24F4970E-3F8E-492E-B96A-9807BD36D64E}"
EndProject
Project("{FAE04EC0-301F-11D3-BF4B-00C04F79EFBC}") = "xamarin_proje", "xamarin_proje\xamarin_proje\xamarin_proje.csproj", "{81573581-658F-4FEC-B387-ECA488D21568}"
EndProject
Global
	GlobalSection(SolutionConfigurationPlatforms) = preSolution
		Ad-Hoc|Any CPU = Ad-Hoc|Any CPU
		Ad-Hoc|ARM = Ad-Hoc|ARM
		Ad-Hoc|iPhone = Ad-Hoc|iPhone
		Ad-Hoc|iPhoneSimulator = Ad-Hoc|iPhoneSimulator
		Ad-Hoc|x64 = Ad-Hoc|x64
		Ad-Hoc|x86 = Ad-Hoc|x86
		AppStore|Any CPU = AppStore|Any CPU
		AppStore|ARM = AppStore|ARM
		AppStore|iPhone = AppStore|iPhone
		AppStore|iPhoneSimulator = AppStore|iPhoneSimulator
		AppStore|x64 = AppStore|x64
		AppStore|x86 = AppStore|x86
		Debug|Any CPU = Debug|Any CPU
		Debug|ARM = Debug|ARM
		Debug|iPhone = Debug|iPhone
		Debug|iPhoneSimulator = Debug|iPhoneSimulator
		Debug|x64 = Debug|x64
		Debug|x86 = Debug|x86
		Release|Any CPU = Release|Any CPU
		Release|ARM = Release|ARM
		Release|iPhone = Release|iPhone
		Release|iPhoneSimulator = Release|iPhoneSimulator
		Release|x64 = Release|x64
		Release|x86 = Release|x86
	EndGlobalSection
	GlobalSection(ProjectConfigurationPlatforms) = postSolution
		{38165286-2D20-49C9-9632-8FB277E08358}.Ad-Hoc|Any CPU.ActiveCfg = Release|Any CPU
		{38165286-2D20-49C9-9632-8FB277E08358}.Ad-Hoc|Any CPU.Build.0 = Release|Any CPU
		{38165286-2D20-49C9-9632-8FB277E08358}.Ad-Hoc|Any CPU.Deploy.0 = Release|Any CPU
		{38165286-2D20-49C9-9632-8FB277E08358}.Ad-Hoc|ARM.ActiveCfg = Release|Any CPU
		{38165286-2D20-49C9-9632-8FB277E08358}.Ad-Hoc|ARM.Build.0 = Release|Any CPU
		{38165286-2D20-49C9-9632-8FB277E08358}.Ad-Hoc|ARM.Deploy.0 = Release|Any CPU
		{38165286-2D20-49C9-9632-8FB277E08358}.Ad-Hoc|iPhone.ActiveCfg = Release|Any CPU
		{38165286-2D20-49C9-9632-8FB277E08358}.Ad-Hoc|iPhone.Build.0 = Release|Any CPU
		{38165286-2D20-49C9-9632-8FB277E08358}.Ad-Hoc|iPhone.Deploy.0 = Release|Any CPU
		{38165286-2D20-49C9-9632-8FB277E08358}.Ad-Hoc|iPhoneSimulator.ActiveCfg = Release|Any CPU
		{38165286-2D20-49C9-9632-8FB277E08358}.Ad-Hoc|iPhoneSimulator.Build.0 = Release|Any CPU
		{38165286-2D20-49C9-9632-8FB277E08358}.Ad-Hoc|iPhoneSimulator.Deploy.0 = Release|Any CPU
		{38165286-2D20-49C9-9632-8FB277E08358}.Ad-Hoc|x64.ActiveCfg = Release|Any CPU
		{38165286-2D20-49C9-9632-8FB277E08358}.Ad-Hoc|x64.Build.0 = Release|Any CPU
		{38165286-2D20-49C9-9632-8FB277E08358}.Ad-Hoc|x64.Deploy.0 = Release|Any CPU
		{38165286-2D20-49C9-9632-8FB277E08358}.Ad-Hoc|x86.ActiveCfg = Release|Any CPU
		{38165286-2D20-49C9-9632-8FB277E08358}.Ad-Hoc|x86.Build.0 = Release|Any CPU
		{38165286-2D20-49C9-9632-8FB277E08358}.Ad-Hoc|x86.Deploy.0 = Release|Any CPU
		{38165286-2D20-49C9-9632-8FB277E08358}.AppStore|Any CPU.ActiveCfg = Release|Any CPU
		{38165286-2D20-49C9-9632-8FB277E08358}.AppStore|Any CPU.Build.0 = Release|Any CPU
		{38165286-2D20-49C9-9632-8FB277E08358}.AppStore|Any CPU.Deploy.0 = Release|Any CPU
		{38165286-2D20-49C9-9632-8FB277E08358}.AppStore|ARM.ActiveCfg = Release|Any CPU
		{38165286-2D20-49C9-9632-8FB277E08358}.AppStore|ARM.Build.0 = Release|Any CPU
		{38165286-2D20-49C9-9632-8FB277E08358}.AppStore|ARM.Deploy.0 = Release|Any CPU
		{38165286-2D20-49C9-9632-8FB277E08358}.AppStore|iPhone.ActiveCfg = Release|Any CPU
		{38165286-2D20-49C9-9632-8FB277E08358}.AppStore|iPhone.Build.0 = Release|Any CPU
		{38165286-2D20-49C9-9632-8FB277E08358}.AppStore|iPhone.Deploy.0 = Release|Any CPU
		{38165286-2D20-49C9-9632-8FB277E08358}.AppStore|iPhoneSimulator.ActiveCfg = Release|Any CPU
		{38165286-2D20-49C9-9632-8FB277E08358}.AppStore|iPhoneSimulator.Build.0 = Release|Any CPU
		{38165286-2D20-49C9-9632-8FB277E08358}.AppStore|iPhoneSimulator.Deploy.0 = Release|Any CPU
		{38165286-2D20-49C9-9632-8FB277E08358}.AppStore|x64.ActiveCfg = Release|Any CPU
		{38165286-2D20-49C9-9632-8FB277E08358}.AppStore|x64.Build.0 = Release|Any CPU
		{38165286-2D20-49C9-9632-8FB277E08358}.AppStore|x64.Deploy.0 = Release|Any CPU
		{38165286-2D20-49C9-9632-8FB277E08358}.AppStore|x86.ActiveCfg = Release|Any CPU
		{38165286-2D20-49C9-9632-8FB277E08358}.AppStore|x86.Build.0 = Release|Any CPU
		{38165286-2D20-49C9-9632-8FB277E08358}.AppStore|x86.Deploy.0 = Release|Any CPU
		{38165286-2D20-49C9-9632-8FB277E08358}.Debug|Any CPU.ActiveCfg = Debug|Any CPU
		{38165286-2D20-49C9-9632-8FB277E08358}.Debug|Any CPU.Build.0 = Debug|Any CPU
		{38165286-2D20-49C9-9632-8FB277E08358}.Debug|Any CPU.Deploy.0 = Debug|Any CPU
		{38165286-2D20-49C9-9632-8FB277E08358}.Debug|ARM.ActiveCfg = Debug|Any CPU
		{38165286-2D20-49C9-9632-8FB277E08358}.Debug|ARM.Build.0 = Debug|Any CPU
		{38165286-2D20-49C9-9632-8FB277E08358}.Debug|ARM.Deploy.0 = Debug|Any CPU
		{38165286-2D20-49C9-9632-8FB277E08358}.Debug|iPhone.ActiveCfg = Debug|Any CPU
		{38165286-2D20-49C9-9632-8FB277E08358}.Debug|iPhone.Build.0 = Debug|Any CPU
		{38165286-2D20-49C9-9632-8FB277E08358}.Debug|iPhone.Deploy.0 = Debug|Any CPU
		{38165286-2D20-49C9-9632-8FB277E08358}.Debug|iPhoneSimulator.ActiveCfg = Debug|Any CPU
		{38165286-2D20-49C9-9632-8FB277E08358}.Debug|iPhoneSimulator.Build.0 = Debug|Any CPU
		{38165286-2D20-49C9-9632-8FB277E08358}.Debug|iPhoneSimulator.Deploy.0 = Debug|Any CPU
		{38165286-2D20-49C9-9632-8FB277E08358}.Debug|x64.ActiveCfg = Debug|Any CPU
		{38165286-2D20-49C9-9632-8FB277E08358}.Debug|x64.Build.0 = Debug|Any CPU
		{38165286-2D20-49C9-9632-8FB277E08358}.Debug|x64.Deploy.0 = Debug|Any CPU
		{38165286-2D20-49C9-9632-8FB277E08358}.Debug|x86.ActiveCfg = Debug|Any CPU
		{38165286-2D20-49C9-9632-8FB277E08358}.Debug|x86.Build.0 = Debug|Any CPU
		{38165286-2D20-49C9-9632-8FB277E08358}.Debug|x86.Deploy.0 = Debug|Any CPU
		{38165286-2D20-49C9-9632-8FB277E08358}.Release|Any CPU.ActiveCfg = Release|Any CPU
		{38165286-2D20-49C9-9632-8FB277E08358}.Release|Any CPU.Build.0 = Release|Any CPU
		{38165286-2D20-49C9-9632-8FB277E08358}.Release|Any CPU.Deploy.0 = Release|Any CPU
		{38165286-2D20-49C9-9632-8FB277E08358}.Release|ARM.ActiveCfg = Release|Any CPU
		{38165286-2D20-49C9-9632-8FB277E08358}.Release|ARM.Build.0 = Release|Any CPU
		{38165286-2D20-49C9-9632-8FB277E08358}.Release|ARM.Deploy.0 = Release|Any CPU
		{38165286-2D20-49C9-9632-8FB277E08358}.Release|iPhone.ActiveCfg = Release|Any CPU
		{38165286-2D20-49C9-9632-8FB277E08358}.Release|iPhone.Build.0 = Release|Any CPU
		{38165286-2D20-49C9-9632-8FB277E08358}.Release|iPhone.Deploy.0 = Release|Any CPU
		{38165286-2D20-49C9-9632-8FB277E08358}.Release|iPhoneSimulator.ActiveCfg = Release|Any CPU
		{38165286-2D20-49C9-9632-8FB277E08358}.Release|iPhoneSimulator.Build.0 = Release|Any CPU
		{38165286-2D20-49C9-9632-8FB277E08358}.Release|iPhoneSimulator.Deploy.0 = Release|Any CPU
		{38165286-2D20-49C9-9632-8FB277E08358}.Release|x64.ActiveCfg = Release|Any CPU
		{38165286-2D20-49C9-9632-8FB277E08358}.Release|x64.Build.0 = Release|Any CPU
		{38165286-2D20-49C9-9632-8FB277E08358}.Release|x64.Deploy.0 = Release|Any CPU
		{38165286-2D20-49C9-9632-8FB277E08358}.Release|x86.ActiveCfg = Release|Any CPU
		{38165286-2D20-49C9-9632-8FB277E08358}.Release|x86.Build.0 = Release|Any CPU
		{38165286-2D20-49C9-9632-8FB277E08358}.Release|x86.Deploy.0 = Release|Any CPU
		{BA6CF7F1-C711-40C3-91FB-D8C0FEB5FF2F}.Ad-Hoc|Any CPU.ActiveCfg = Ad-Hoc|iPhone
		{BA6CF7F1-C711-40C3-91FB-D8C0FEB5FF2F}.Ad-Hoc|Any CPU.Build.0 = Ad-Hoc|iPhone
		{BA6CF7F1-C711-40C3-91FB-D8C0FEB5FF2F}.Ad-Hoc|Any CPU.Deploy.0 = Ad-Hoc|iPhone
		{BA6CF7F1-C711-40C3-91FB-D8C0FEB5FF2F}.Ad-Hoc|ARM.ActiveCfg = Ad-Hoc|iPhone
		{BA6CF7F1-C711-40C3-91FB-D8C0FEB5FF2F}.Ad-Hoc|ARM.Build.0 = Ad-Hoc|iPhone
		{BA6CF7F1-C711-40C3-91FB-D8C0FEB5FF2F}.Ad-Hoc|ARM.Deploy.0 = Ad-Hoc|iPhone
		{BA6CF7F1-C711-40C3-91FB-D8C0FEB5FF2F}.Ad-Hoc|iPhone.ActiveCfg = Ad-Hoc|iPhone
		{BA6CF7F1-C711-40C3-91FB-D8C0FEB5FF2F}.Ad-Hoc|iPhone.Build.0 = Ad-Hoc|iPhone
		{BA6CF7F1-C711-40C3-91FB-D8C0FEB5FF2F}.Ad-Hoc|iPhone.Deploy.0 = Ad-Hoc|iPhone
		{BA6CF7F1-C711-40C3-91FB-D8C0FEB5FF2F}.Ad-Hoc|iPhoneSimulator.ActiveCfg = Ad-Hoc|iPhoneSimulator
		{BA6CF7F1-C711-40C3-91FB-D8C0FEB5FF2F}.Ad-Hoc|iPhoneSimulator.Build.0 = Ad-Hoc|iPhoneSimulator
		{BA6CF7F1-C711-40C3-91FB-D8C0FEB5FF2F}.Ad-Hoc|iPhoneSimulator.Deploy.0 = Ad-Hoc|iPhoneSimulator
		{BA6CF7F1-C711-40C3-91FB-D8C0FEB5FF2F}.Ad-Hoc|x64.ActiveCfg = Ad-Hoc|iPhone
		{BA6CF7F1-C711-40C3-91FB-D8C0FEB5FF2F}.Ad-Hoc|x64.Build.0 = Ad-Hoc|iPhone
		{BA6CF7F1-C711-40C3-91FB-D8C0FEB5FF2F}.Ad-Hoc|x64.Deploy.0 = Ad-Hoc|iPhone
		{BA6CF7F1-C711-40C3-91FB-D8C0FEB5FF2F}.Ad-Hoc|x86.ActiveCfg = Ad-Hoc|iPhone
		{BA6CF7F1-C711-40C3-91FB-D8C0FEB5FF2F}.Ad-Hoc|x86.Build.0 = Ad-Hoc|iPhone
		{BA6CF7F1-C711-40C3-91FB-D8C0FEB5FF2F}.Ad-Hoc|x86.Deploy.0 = Ad-Hoc|iPhone
		{BA6CF7F1-C711-40C3-91FB-D8C0FEB5FF2F}.AppStore|Any CPU.ActiveCfg = AppStore|iPhone
		{BA6CF7F1-C711-40C3-91FB-D8C0FEB5FF2F}.AppStore|Any CPU.Build.0 = AppStore|iPhone
		{BA6CF7F1-C711-40C3-91FB-D8C0FEB5FF2F}.AppStore|Any CPU.Deploy.0 = AppStore|iPhone
		{BA6CF7F1-C711-40C3-91FB-D8C0FEB5FF2F}.AppStore|ARM.ActiveCfg = AppStore|iPhone
		{BA6CF7F1-C711-40C3-91FB-D8C0FEB5FF2F}.AppStore|ARM.Build.0 = AppStore|iPhone
		{BA6CF7F1-C711-40C3-91FB-D8C0FEB5FF2F}.AppStore|ARM.Deploy.0 = AppStore|iPhone
		{BA6CF7F1-C711-40C3-91FB-D8C0FEB5FF2F}.AppStore|iPhone.ActiveCfg = AppStore|iPhone
		{BA6CF7F1-C711-40C3-91FB-D8C0FEB5FF2F}.AppStore|iPhone.Build.0 = AppStore|iPhone
		{BA6CF7F1-C711-40C3-91FB-D8C0FEB5FF2F}.AppStore|iPhone.Deploy.0 = AppStore|iPhone
		{BA6CF7F1-C711-40C3-91FB-D8C0FEB5FF2F}.AppStore|iPhoneSimulator.ActiveCfg = AppStore|iPhoneSimulator
		{BA6CF7F1-C711-40C3-91FB-D8C0FEB5FF2F}.AppStore|iPhoneSimulator.Build.0 = AppStore|iPhoneSimulator
		{BA6CF7F1-C711-40C3-91FB-D8C0FEB5FF2F}.AppStore|iPhoneSimulator.Deploy.0 = AppStore|iPhoneSimulator
		{BA6CF7F1-C711-40C3-91FB-D8C0FEB5FF2F}.AppStore|x64.ActiveCfg = AppStore|iPhone
		{BA6CF7F1-C711-40C3-91FB-D8C0FEB5FF2F}.AppStore|x64.Build.0 = AppStore|iPhone
		{BA6CF7F1-C711-40C3-91FB-D8C0FEB5FF2F}.AppStore|x64.Deploy.0 = AppStore|iPhone
		{BA6CF7F1-C711-40C3-91FB-D8C0FEB5FF2F}.AppStore|x86.ActiveCfg = AppStore|iPhone
		{BA6CF7F1-C711-40C3-91FB-D8C0FEB5FF2F}.AppStore|x86.Build.0 = AppStore|iPhone
		{BA6CF7F1-C711-40C3-91FB-D8C0FEB5FF2F}.AppStore|x86.Deploy.0 = AppStore|iPhone
		{BA6CF7F1-C711-40C3-91FB-D8C0FEB5FF2F}.Debug|Any CPU.ActiveCfg = Debug|iPhoneSimulator
		{BA6CF7F1-C711-40C3-91FB-D8C0FEB5FF2F}.Debug|Any CPU.Build.0 = Debug|iPhoneSimulator
		{BA6CF7F1-C711-40C3-91FB-D8C0FEB5FF2F}.Debug|Any CPU.Deploy.0 = Debug|iPhoneSimulator
		{BA6CF7F1-C711-40C3-91FB-D8C0FEB5FF2F}.Debug|ARM.ActiveCfg = Debug|iPhone
		{BA6CF7F1-C711-40C3-91FB-D8C0FEB5FF2F}.Debug|ARM.Build.0 = Debug|iPhone
		{BA6CF7F1-C711-40C3-91FB-D8C0FEB5FF2F}.Debug|ARM.Deploy.0 = Debug|iPhone
		{BA6CF7F1-C711-40C3-91FB-D8C0FEB5FF2F}.Debug|iPhone.ActiveCfg = Debug|iPhone
		{BA6CF7F1-C711-40C3-91FB-D8C0FEB5FF2F}.Debug|iPhone.Build.0 = Debug|iPhone
		{BA6CF7F1-C711-40C3-91FB-D8C0FEB5FF2F}.Debug|iPhone.Deploy.0 = Debug|iPhone
		{BA6CF7F1-C711-40C3-91FB-D8C0FEB5FF2F}.Debug|iPhoneSimulator.ActiveCfg = Debug|iPhoneSimulator
		{BA6CF7F1-C711-40C3-91FB-D8C0FEB5FF2F}.Debug|iPhoneSimulator.Build.0 = Debug|iPhoneSimulator
		{BA6CF7F1-C711-40C3-91FB-D8C0FEB5FF2F}.Debug|iPhoneSimulator.Deploy.0 = Debug|iPhoneSimulator
		{BA6CF7F1-C711-40C3-91FB-D8C0FEB5FF2F}.Debug|x64.ActiveCfg = Debug|iPhone
		{BA6CF7F1-C711-40C3-91FB-D8C0FEB5FF2F}.Debug|x64.Build.0 = Debug|iPhone
		{BA6CF7F1-C711-40C3-91FB-D8C0FEB5FF2F}.Debug|x64.Deploy.0 = Debug|iPhone
		{BA6CF7F1-C711-40C3-91FB-D8C0FEB5FF2F}.Debug|x86.ActiveCfg = Debug|iPhone
		{BA6CF7F1-C711-40C3-91FB-D8C0FEB5FF2F}.Debug|x86.Build.0 = Debug|iPhone
		{BA6CF7F1-C711-40C3-91FB-D8C0FEB5FF2F}.Debug|x86.Deploy.0 = Debug|iPhone
		{BA6CF7F1-C711-40C3-91FB-D8C0FEB5FF2F}.Release|Any CPU.ActiveCfg = Release|iPhone
		{BA6CF7F1-C711-40C3-91FB-D8C0FEB5FF2F}.Release|Any CPU.Build.0 = Release|iPhone
		{BA6CF7F1-C711-40C3-91FB-D8C0FEB5FF2F}.Release|Any CPU.Deploy.0 = Release|iPhone
		{BA6CF7F1-C711-40C3-91FB-D8C0FEB5FF2F}.Release|ARM.ActiveCfg = Release|iPhone
		{BA6CF7F1-C711-40C3-91FB-D8C0FEB5FF2F}.Release|ARM.Build.0 = Release|iPhone
		{BA6CF7F1-C711-40C3-91FB-D8C0FEB5FF2F}.Release|ARM.Deploy.0 = Release|iPhone
		{BA6CF7F1-C711-40C3-91FB-D8C0FEB5FF2F}.Release|iPhone.ActiveCfg = Release|iPhone
		{BA6CF7F1-C711-40C3-91FB-D8C0FEB5FF2F}.Release|iPhone.Build.0 = Release|iPhone
		{BA6CF7F1-C711-40C3-91FB-D8C0FEB5FF2F}.Release|iPhone.Deploy.0 = Release|iPhone
		{BA6CF7F1-C711-40C3-91FB-D8C0FEB5FF2F}.Release|iPhoneSimulator.ActiveCfg = Release|iPhoneSimulator
		{BA6CF7F1-C711-40C3-91FB-D8C0FEB5FF2F}.Release|iPhoneSimulator.Build.0 = Release|iPhoneSimulator
		{BA6CF7F1-C711-40C3-91FB-D8C0FEB5FF2F}.Release|iPhoneSimulator.Deploy.0 = Release|iPhoneSimulator
		{BA6CF7F1-C711-40C3-91FB-D8C0FEB5FF2F}.Release|x64.ActiveCfg = Release|iPhone
		{BA6CF7F1-C711-40C3-91FB-D8C0FEB5FF2F}.Release|x64.Build.0 = Release|iPhone
		{BA6CF7F1-C711-40C3-91FB-D8C0FEB5FF2F}.Release|x64.Deploy.0 = Release|iPhone
		{BA6CF7F1-C711-40C3-91FB-D8C0FEB5FF2F}.Release|x86.ActiveCfg = Release|iPhone
		{BA6CF7F1-C711-40C3-91FB-D8C0FEB5FF2F}.Release|x86.Build.0 = Release|iPhone
		{BA6CF7F1-C711-40C3-91FB-D8C0FEB5FF2F}.Release|x86.Deploy.0 = Release|iPhone
		{24F4970E-3F8E-492E-B96A-9807BD36D64E}.Ad-Hoc|Any CPU.ActiveCfg = Release|x86
		{24F4970E-3F8E-492E-B96A-9807BD36D64E}.Ad-Hoc|Any CPU.Build.0 = Release|x86
		{24F4970E-3F8E-492E-B96A-9807BD36D64E}.Ad-Hoc|Any CPU.Deploy.0 = Release|x86
		{24F4970E-3F8E-492E-B96A-9807BD36D64E}.Ad-Hoc|ARM.ActiveCfg = Release|ARM
		{24F4970E-3F8E-492E-B96A-9807BD36D64E}.Ad-Hoc|ARM.Build.0 = Release|ARM
		{24F4970E-3F8E-492E-B96A-9807BD36D64E}.Ad-Hoc|ARM.Deploy.0 = Release|ARM
		{24F4970E-3F8E-492E-B96A-9807BD36D64E}.Ad-Hoc|iPhone.ActiveCfg = Release|x86
		{24F4970E-3F8E-492E-B96A-9807BD36D64E}.Ad-Hoc|iPhone.Build.0 = Release|x86
		{24F4970E-3F8E-492E-B96A-9807BD36D64E}.Ad-Hoc|iPhone.Deploy.0 = Release|x86
		{24F4970E-3F8E-492E-B96A-9807BD36D64E}.Ad-Hoc|iPhoneSimulator.ActiveCfg = Release|x86
		{24F4970E-3F8E-492E-B96A-9807BD36D64E}.Ad-Hoc|iPhoneSimulator.Build.0 = Release|x86
		{24F4970E-3F8E-492E-B96A-9807BD36D64E}.Ad-Hoc|iPhoneSimulator.Deploy.0 = Release|x86
		{24F4970E-3F8E-492E-B96A-9807BD36D64E}.Ad-Hoc|x64.ActiveCfg = Release|x64
		{24F4970E-3F8E-492E-B96A-9807BD36D64E}.Ad-Hoc|x64.Build.0 = Release|x64
		{24F4970E-3F8E-492E-B96A-9807BD36D64E}.Ad-Hoc|x64.Deploy.0 = Release|x64
		{24F4970E-3F8E-492E-B96A-9807BD36D64E}.Ad-Hoc|x86.ActiveCfg = Release|x86
		{24F4970E-3F8E-492E-B96A-9807BD36D64E}.Ad-Hoc|x86.Build.0 = Release|x86
		{24F4970E-3F8E-492E-B96A-9807BD36D64E}.Ad-Hoc|x86.Deploy.0 = Release|x86
		{24F4970E-3F8E-492E-B96A-9807BD36D64E}.AppStore|Any CPU.ActiveCfg = Release|x86
		{24F4970E-3F8E-492E-B96A-9807BD36D64E}.AppStore|Any CPU.Build.0 = Release|x86
		{24F4970E-3F8E-492E-B96A-9807BD36D64E}.AppStore|Any CPU.Deploy.0 = Release|x86
		{24F4970E-3F8E-492E-B96A-9807BD36D64E}.AppStore|ARM.ActiveCfg = Release|ARM
		{24F4970E-3F8E-492E-B96A-9807BD36D64E}.AppStore|ARM.Build.0 = Release|ARM
		{24F4970E-3F8E-492E-B96A-9807BD36D64E}.AppStore|ARM.Deploy.0 = Release|ARM
		{24F4970E-3F8E-492E-B96A-9807BD36D64E}.AppStore|iPhone.ActiveCfg = Release|x86
		{24F4970E-3F8E-492E-B96A-9807BD36D64E}.AppStore|iPhone.Build.0 = Release|x86
		{24F4970E-3F8E-492E-B96A-9807BD36D64E}.AppStore|iPhone.Deploy.0 = Release|x86
		{24F4970E-3F8E-492E-B96A-9807BD36D64E}.AppStore|iPhoneSimulator.ActiveCfg = Release|x86
		{24F4970E-3F8E-492E-B96A-9807BD36D64E}.AppStore|iPhoneSimulator.Build.0 = Release|x86
		{24F4970E-3F8E-492E-B96A-9807BD36D64E}.AppStore|iPhoneSimulator.Deploy.0 = Release|x86
		{24F4970E-3F8E-492E-B96A-9807BD36D64E}.AppStore|x64.ActiveCfg = Release|x64
		{24F4970E-3F8E-492E-B96A-9807BD36D64E}.AppStore|x64.Build.0 = Release|x64
		{24F4970E-3F8E-492E-B96A-9807BD36D64E}.AppStore|x64.Deploy.0 = Release|x64
		{24F4970E-3F8E-492E-B96A-9807BD36D64E}.AppStore|x86.ActiveCfg = Release|x86
		{24F4970E-3F8E-492E-B96A-9807BD36D64E}.AppStore|x86.Build.0 = Release|x86
		{24F4970E-3F8E-492E-B96A-9807BD36D64E}.AppStore|x86.Deploy.0 = Release|x86
		{24F4970E-3F8E-492E-B96A-9807BD36D64E}.Debug|Any CPU.ActiveCfg = Debug|x86
		{24F4970E-3F8E-492E-B96A-9807BD36D64E}.Debug|Any CPU.Build.0 = Debug|x86
		{24F4970E-3F8E-492E-B96A-9807BD36D64E}.Debug|Any CPU.Deploy.0 = Debug|x86
		{24F4970E-3F8E-492E-B96A-9807BD36D64E}.Debug|ARM.ActiveCfg = Debug|ARM
		{24F4970E-3F8E-492E-B96A-9807BD36D64E}.Debug|ARM.Build.0 = Debug|ARM
		{24F4970E-3F8E-492E-B96A-9807BD36D64E}.Debug|ARM.Deploy.0 = Debug|ARM
		{24F4970E-3F8E-492E-B96A-9807BD36D64E}.Debug|iPhone.ActiveCfg = Debug|x86
		{24F4970E-3F8E-492E-B96A-9807BD36D64E}.Debug|iPhone.Build.0 = Debug|x86
		{24F4970E-3F8E-492E-B96A-9807BD36D64E}.Debug|iPhone.Deploy.0 = Debug|x86
		{24F4970E-3F8E-492E-B96A-9807BD36D64E}.Debug|iPhoneSimulator.ActiveCfg = Debug|x86
		{24F4970E-3F8E-492E-B96A-9807BD36D64E}.Debug|iPhoneSimulator.Build.0 = Debug|x86
		{24F4970E-3F8E-492E-B96A-9807BD36D64E}.Debug|iPhoneSimulator.Deploy.0 = Debug|x86
		{24F4970E-3F8E-492E-B96A-9807BD36D64E}.Debug|x64.ActiveCfg = Debug|x64
		{24F4970E-3F8E-492E-B96A-9807BD36D64E}.Debug|x64.Build.0 = Debug|x64
		{24F4970E-3F8E-492E-B96A-9807BD36D64E}.Debug|x64.Deploy.0 = Debug|x64
		{24F4970E-3F8E-492E-B96A-9807BD36D64E}.Debug|x86.ActiveCfg = Debug|x86
		{24F4970E-3F8E-492E-B96A-9807BD36D64E}.Debug|x86.Build.0 = Debug|x86
		{24F4970E-3F8E-492E-B96A-9807BD36D64E}.Debug|x86.Deploy.0 = Debug|x86
		{24F4970E-3F8E-492E-B96A-9807BD36D64E}.Release|Any CPU.ActiveCfg = Release|x86
		{24F4970E-3F8E-492E-B96A-9807BD36D64E}.Release|Any CPU.Build.0 = Release|x86
		{24F4970E-3F8E-492E-B96A-9807BD36D64E}.Release|Any CPU.Deploy.0 = Release|x86
		{24F4970E-3F8E-492E-B96A-9807BD36D64E}.Release|ARM.ActiveCfg = Release|ARM
		{24F4970E-3F8E-492E-B96A-9807BD36D64E}.Release|ARM.Build.0 = Release|ARM
		{24F4970E-3F8E-492E-B96A-9807BD36D64E}.Release|ARM.Deploy.0 = Release|ARM
		{24F4970E-3F8E-492E-B96A-9807BD36D64E}.Release|iPhone.ActiveCfg = Release|x86
		{24F4970E-3F8E-492E-B96A-9807BD36D64E}.Release|iPhone.Build.0 = Release|x86
		{24F4970E-3F8E-492E-B96A-9807BD36D64E}.Release|iPhone.Deploy.0 = Release|x86
		{24F4970E-3F8E-492E-B96A-9807BD36D64E}.Release|iPhoneSimulator.ActiveCfg = Release|x86
		{24F4970E-3F8E-492E-B96A-9807BD36D64E}.Release|iPhoneSimulator.Build.0 = Release|x86
		{24F4970E-3F8E-492E-B96A-9807BD36D64E}.Release|iPhoneSimulator.Deploy.0 = Release|x86
		{24F4970E-3F8E-492E-B96A-9807BD36D64E}.Release|x64.ActiveCfg = Release|x64
		{24F4970E-3F8E-492E-B96A-9807BD36D64E}.Release|x64.Build.0 = Release|x64
		{24F4970E-3F8E-492E-B96A-9807BD36D64E}.Release|x64.Deploy.0 = Release|x64
		{24F4970E-3F8E-492E-B96A-9807BD36D64E}.Release|x86.ActiveCfg = Release|x86
		{24F4970E-3F8E-492E-B96A-9807BD36D64E}.Release|x86.Build.0 = Release|x86
		{24F4970E-3F8E-492E-B96A-9807BD36D64E}.Release|x86.Deploy.0 = Release|x86
		{81573581-658F-4FEC-B387-ECA488D21568}.Ad-Hoc|Any CPU.ActiveCfg = Debug|Any CPU
		{81573581-658F-4FEC-B387-ECA488D21568}.Ad-Hoc|Any CPU.Build.0 = Debug|Any CPU
		{81573581-658F-4FEC-B387-ECA488D21568}.Ad-Hoc|Any CPU.Deploy.0 = Debug|Any CPU
		{81573581-658F-4FEC-B387-ECA488D21568}.Ad-Hoc|ARM.ActiveCfg = Debug|Any CPU
		{81573581-658F-4FEC-B387-ECA488D21568}.Ad-Hoc|ARM.Build.0 = Debug|Any CPU
		{81573581-658F-4FEC-B387-ECA488D21568}.Ad-Hoc|ARM.Deploy.0 = Debug|Any CPU
		{81573581-658F-4FEC-B387-ECA488D21568}.Ad-Hoc|iPhone.ActiveCfg = Debug|Any CPU
		{81573581-658F-4FEC-B387-ECA488D21568}.Ad-Hoc|iPhone.Build.0 = Debug|Any CPU
		{81573581-658F-4FEC-B387-ECA488D21568}.Ad-Hoc|iPhone.Deploy.0 = Debug|Any CPU
		{81573581-658F-4FEC-B387-ECA488D21568}.Ad-Hoc|iPhoneSimulator.ActiveCfg = Debug|Any CPU
		{81573581-658F-4FEC-B387-ECA488D21568}.Ad-Hoc|iPhoneSimulator.Build.0 = Debug|Any CPU
		{81573581-658F-4FEC-B387-ECA488D21568}.Ad-Hoc|iPhoneSimulator.Deploy.0 = Debug|Any CPU
		{81573581-658F-4FEC-B387-ECA488D21568}.Ad-Hoc|x64.ActiveCfg = Debug|Any CPU
		{81573581-658F-4FEC-B387-ECA488D21568}.Ad-Hoc|x64.Build.0 = Debug|Any CPU
		{81573581-658F-4FEC-B387-ECA488D21568}.Ad-Hoc|x64.Deploy.0 = Debug|Any CPU
		{81573581-658F-4FEC-B387-ECA488D21568}.Ad-Hoc|x86.ActiveCfg = Debug|Any CPU
		{81573581-658F-4FEC-B387-ECA488D21568}.Ad-Hoc|x86.Build.0 = Debug|Any CPU
		{81573581-658F-4FEC-B387-ECA488D21568}.Ad-Hoc|x86.Deploy.0 = Debug|Any CPU
		{81573581-658F-4FEC-B387-ECA488D21568}.AppStore|Any CPU.ActiveCfg = Debug|Any CPU
		{81573581-658F-4FEC-B387-ECA488D21568}.AppStore|Any CPU.Build.0 = Debug|Any CPU
		{81573581-658F-4FEC-B387-ECA488D21568}.AppStore|Any CPU.Deploy.0 = Debug|Any CPU
		{81573581-658F-4FEC-B387-ECA488D21568}.AppStore|ARM.ActiveCfg = Debug|Any CPU
		{81573581-658F-4FEC-B387-ECA488D21568}.AppStore|ARM.Build.0 = Debug|Any CPU
		{81573581-658F-4FEC-B387-ECA488D21568}.AppStore|ARM.Deploy.0 = Debug|Any CPU
		{81573581-658F-4FEC-B387-ECA488D21568}.AppStore|iPhone.ActiveCfg = Debug|Any CPU
		{81573581-658F-4FEC-B387-ECA488D21568}.AppStore|iPhone.Build.0 = Debug|Any CPU
		{81573581-658F-4FEC-B387-ECA488D21568}.AppStore|iPhone.Deploy.0 = Debug|Any CPU
		{81573581-658F-4FEC-B387-ECA488D21568}.AppStore|iPhoneSimulator.ActiveCfg = Debug|Any CPU
		{81573581-658F-4FEC-B387-ECA488D21568}.AppStore|iPhoneSimulator.Build.0 = Debug|Any CPU
		{81573581-658F-4FEC-B387-ECA488D21568}.AppStore|iPhoneSimulator.Deploy.0 = Debug|Any CPU
		{81573581-658F-4FEC-B387-ECA488D21568}.AppStore|x64.ActiveCfg = Debug|Any CPU
		{81573581-658F-4FEC-B387-ECA488D21568}.AppStore|x64.Build.0 = Debug|Any CPU
		{81573581-658F-4FEC-B387-ECA488D21568}.AppStore|x64.Deploy.0 = Debug|Any CPU
		{81573581-658F-4FEC-B387-ECA488D21568}.AppStore|x86.ActiveCfg = Debug|Any CPU
		{81573581-658F-4FEC-B387-ECA488D21568}.AppStore|x86.Build.0 = Debug|Any CPU
		{81573581-658F-4FEC-B387-ECA488D21568}.AppStore|x86.Deploy.0 = Debug|Any CPU
		{81573581-658F-4FEC-B387-ECA488D21568}.Debug|Any CPU.ActiveCfg = Debug|Any CPU
		{81573581-658F-4FEC-B387-ECA488D21568}.Debug|Any CPU.Build.0 = Debug|Any CPU
		{81573581-658F-4FEC-B387-ECA488D21568}.Debug|Any CPU.Deploy.0 = Debug|Any CPU
		{81573581-658F-4FEC-B387-ECA488D21568}.Debug|ARM.ActiveCfg = Debug|Any CPU
		{81573581-658F-4FEC-B387-ECA488D21568}.Debug|ARM.Build.0 = Debug|Any CPU
		{81573581-658F-4FEC-B387-ECA488D21568}.Debug|ARM.Deploy.0 = Debug|Any CPU
		{81573581-658F-4FEC-B387-ECA488D21568}.Debug|iPhone.ActiveCfg = Debug|Any CPU
		{81573581-658F-4FEC-B387-ECA488D21568}.Debug|iPhone.Build.0 = Debug|Any CPU
		{81573581-658F-4FEC-B387-ECA488D21568}.Debug|iPhone.Deploy.0 = Debug|Any CPU
		{81573581-658F-4FEC-B387-ECA488D21568}.Debug|iPhoneSimulator.ActiveCfg = Debug|Any CPU
		{81573581-658F-4FEC-B387-ECA488D21568}.Debug|iPhoneSimulator.Build.0 = Debug|Any CPU
		{81573581-658F-4FEC-B387-ECA488D21568}.Debug|iPhoneSimulator.Deploy.0 = Debug|Any CPU
		{81573581-658F-4FEC-B387-ECA488D21568}.Debug|x64.ActiveCfg = Debug|Any CPU
		{81573581-658F-4FEC-B387-ECA488D21568}.Debug|x64.Build.0 = Debug|Any CPU
		{81573581-658F-4FEC-B387-ECA488D21568}.Debug|x64.Deploy.0 = Debug|Any CPU
		{81573581-658F-4FEC-B387-ECA488D21568}.Debug|x86.ActiveCfg = Debug|Any CPU
		{81573581-658F-4FEC-B387-ECA488D21568}.Debug|x86.Build.0 = Debug|Any CPU
		{81573581-658F-4FEC-B387-ECA488D21568}.Debug|x86.Deploy.0 = Debug|Any CPU
		{81573581-658F-4FEC-B387-ECA488D21568}.Release|Any CPU.ActiveCfg = Release|Any CPU
		{81573581-658F-4FEC-B387-ECA488D21568}.Release|Any CPU.Build.0 = Release|Any CPU
		{81573581-658F-4FEC-B387-ECA488D21568}.Release|Any CPU.Deploy.0 = Release|Any CPU
		{81573581-658F-4FEC-B387-ECA488D21568}.Release|ARM.ActiveCfg = Release|Any CPU
		{81573581-658F-4FEC-B387-ECA488D21568}.Release|ARM.Build.0 = Release|Any CPU
		{81573581-658F-4FEC-B387-ECA488D21568}.Release|ARM.Deploy.0 = Release|Any CPU
		{81573581-658F-4FEC-B387-ECA488D21568}.Release|iPhone.ActiveCfg = Release|Any CPU
		{81573581-658F-4FEC-B387-ECA488D21568}.Release|iPhone.Build.0 = Release|Any CPU
		{81573581-658F-4FEC-B387-ECA488D21568}.Release|iPhone.Deploy.0 = Release|Any CPU
		{81573581-658F-4FEC-B387-ECA488D21568}.Release|iPhoneSimulator.ActiveCfg = Release|Any CPU
		{81573581-658F-4FEC-B387-ECA488D21568}.Release|iPhoneSimulator.Build.0 = Release|Any CPU
		{81573581-658F-4FEC-B387-ECA488D21568}.Release|iPhoneSimulator.Deploy.0 = Release|Any CPU
		{81573581-658F-4FEC-B387-ECA488D21568}.Release|x64.ActiveCfg = Release|Any CPU
		{81573581-658F-4FEC-B387-ECA488D21568}.Release|x64.Build.0 = Release|Any CPU
		{81573581-658F-4FEC-B387-ECA488D21568}.Release|x64.Deploy.0 = Release|Any CPU
		{81573581-658F-4FEC-B387-ECA488D21568}.Release|x86.ActiveCfg = Release|Any CPU
		{81573581-658F-4FEC-B387-ECA488D21568}.Release|x86.Build.0 = Release|Any CPU
		{81573581-658F-4FEC-B387-ECA488D21568}.Release|x86.Deploy.0 = Release|Any CPU
	EndGlobalSection
	GlobalSection(SolutionProperties) = preSolution
		HideSolutionNode = FALSE
	EndGlobalSection
	GlobalSection(ExtensibilityGlobals) = postSolution
		SolutionGuid = {681ADAA8-2F48-48C8-9EDF-0D69AD74060B}
	EndGlobalSection
EndGlobal
