
Microsoft Visual Studio Solution File, Format Version 12.00
# Visual Studio 15
VisualStudioVersion = 15.0.28307.757
MinimumVisualStudioVersion = 10.0.40219.1
Project("{FAE04EC0-301F-11D3-BF4B-00C04F79EFBC}") = "Local Notification-Push Notification.Android", "Local Notification-Push Notification\Local Notification-Push Notification.Android\Local Notification-Push Notification.Android.csproj", "{229CF34A-B45E-46BE-9DF7-94D1BBFC05BC}"
EndProject
Project("{FAE04EC0-301F-11D3-BF4B-00C04F79EFBC}") = "Local Notification-Push Notification.iOS", "Local Notification-Push Notification\Local Notification-Push Notification.iOS\Local Notification-Push Notification.iOS.csproj", "{2660F935-DDBF-4738-9B8B-8F7F765A2411}"
EndProject
Project("{FAE04EC0-301F-11D3-BF4B-00C04F79EFBC}") = "Local Notification-Push Notification.UWP", "Local Notification-Push Notification\Local Notification-Push Notification.UWP\Local Notification-Push Notification.UWP.csproj", "{332C9C73-945C-46BC-A2CE-3C44F6F97A50}"
EndProject
Project("{FAE04EC0-301F-11D3-BF4B-00C04F79EFBC}") = "Local Notification-Push Notification", "Local Notification-Push Notification\Local Notification-Push Notification\Local Notification-Push Notification.csproj", "{5C8F8DAB-9F77-4E53-9C2D-DD752EA397EE}"
EndProject
Global
	GlobalSection(SolutionConfigurationPlatforms) = preSolution
		Ad-Hoc|Any CPU = Ad-Hoc|Any CPU
		Ad-Hoc|ARM = Ad-Hoc|ARM
		Ad-Hoc|iPhone = Ad-Hoc|iPhone
		Ad-Hoc|iPhoneSimulator = Ad-Hoc|iPhoneSimulator
		Ad-Hoc|x64 = Ad-Hoc|x64
		Ad-Hoc|x86 = Ad-Hoc|x86
		AppStore|Any CPU = AppStore|Any CPU
		AppStore|ARM = AppStore|ARM
		AppStore|iPhone = AppStore|iPhone
		AppStore|iPhoneSimulator = AppStore|iPhoneSimulator
		AppStore|x64 = AppStore|x64
		AppStore|x86 = AppStore|x86
		Debug|Any CPU = Debug|Any CPU
		Debug|ARM = Debug|ARM
		Debug|iPhone = Debug|iPhone
		Debug|iPhoneSimulator = Debug|iPhoneSimulator
		Debug|x64 = Debug|x64
		Debug|x86 = Debug|x86
		Release|Any CPU = Release|Any CPU
		Release|ARM = Release|ARM
		Release|iPhone = Release|iPhone
		Release|iPhoneSimulator = Release|iPhoneSimulator
		Release|x64 = Release|x64
		Release|x86 = Release|x86
	EndGlobalSection
	GlobalSection(ProjectConfigurationPlatforms) = postSolution
		{229CF34A-B45E-46BE-9DF7-94D1BBFC05BC}.Ad-Hoc|Any CPU.ActiveCfg = Release|Any CPU
		{229CF34A-B45E-46BE-9DF7-94D1BBFC05BC}.Ad-Hoc|Any CPU.Build.0 = Release|Any CPU
		{229CF34A-B45E-46BE-9DF7-94D1BBFC05BC}.Ad-Hoc|Any CPU.Deploy.0 = Release|Any CPU
		{229CF34A-B45E-46BE-9DF7-94D1BBFC05BC}.Ad-Hoc|ARM.ActiveCfg = Release|Any CPU
		{229CF34A-B45E-46BE-9DF7-94D1BBFC05BC}.Ad-Hoc|ARM.Build.0 = Release|Any CPU
		{229CF34A-B45E-46BE-9DF7-94D1BBFC05BC}.Ad-Hoc|ARM.Deploy.0 = Release|Any CPU
		{229CF34A-B45E-46BE-9DF7-94D1BBFC05BC}.Ad-Hoc|iPhone.ActiveCfg = Release|Any CPU
		{229CF34A-B45E-46BE-9DF7-94D1BBFC05BC}.Ad-Hoc|iPhone.Build.0 = Release|Any CPU
		{229CF34A-B45E-46BE-9DF7-94D1BBFC05BC}.Ad-Hoc|iPhone.Deploy.0 = Release|Any CPU
		{229CF34A-B45E-46BE-9DF7-94D1BBFC05BC}.Ad-Hoc|iPhoneSimulator.ActiveCfg = Release|Any CPU
		{229CF34A-B45E-46BE-9DF7-94D1BBFC05BC}.Ad-Hoc|iPhoneSimulator.Build.0 = Release|Any CPU
		{229CF34A-B45E-46BE-9DF7-94D1BBFC05BC}.Ad-Hoc|iPhoneSimulator.Deploy.0 = Release|Any CPU
		{229CF34A-B45E-46BE-9DF7-94D1BBFC05BC}.Ad-Hoc|x64.ActiveCfg = Release|Any CPU
		{229CF34A-B45E-46BE-9DF7-94D1BBFC05BC}.Ad-Hoc|x64.Build.0 = Release|Any CPU
		{229CF34A-B45E-46BE-9DF7-94D1BBFC05BC}.Ad-Hoc|x64.Deploy.0 = Release|Any CPU
		{229CF34A-B45E-46BE-9DF7-94D1BBFC05BC}.Ad-Hoc|x86.ActiveCfg = Release|Any CPU
		{229CF34A-B45E-46BE-9DF7-94D1BBFC05BC}.Ad-Hoc|x86.Build.0 = Release|Any CPU
		{229CF34A-B45E-46BE-9DF7-94D1BBFC05BC}.Ad-Hoc|x86.Deploy.0 = Release|Any CPU
		{229CF34A-B45E-46BE-9DF7-94D1BBFC05BC}.AppStore|Any CPU.ActiveCfg = Release|Any CPU
		{229CF34A-B45E-46BE-9DF7-94D1BBFC05BC}.AppStore|Any CPU.Build.0 = Release|Any CPU
		{229CF34A-B45E-46BE-9DF7-94D1BBFC05BC}.AppStore|Any CPU.Deploy.0 = Release|Any CPU
		{229CF34A-B45E-46BE-9DF7-94D1BBFC05BC}.AppStore|ARM.ActiveCfg = Release|Any CPU
		{229CF34A-B45E-46BE-9DF7-94D1BBFC05BC}.AppStore|ARM.Build.0 = Release|Any CPU
		{229CF34A-B45E-46BE-9DF7-94D1BBFC05BC}.AppStore|ARM.Deploy.0 = Release|Any CPU
		{229CF34A-B45E-46BE-9DF7-94D1BBFC05BC}.AppStore|iPhone.ActiveCfg = Release|Any CPU
		{229CF34A-B45E-46BE-9DF7-94D1BBFC05BC}.AppStore|iPhone.Build.0 = Release|Any CPU
		{229CF34A-B45E-46BE-9DF7-94D1BBFC05BC}.AppStore|iPhone.Deploy.0 = Release|Any CPU
		{229CF34A-B45E-46BE-9DF7-94D1BBFC05BC}.AppStore|iPhoneSimulator.ActiveCfg = Release|Any CPU
		{229CF34A-B45E-46BE-9DF7-94D1BBFC05BC}.AppStore|iPhoneSimulator.Build.0 = Release|Any CPU
		{229CF34A-B45E-46BE-9DF7-94D1BBFC05BC}.AppStore|iPhoneSimulator.Deploy.0 = Release|Any CPU
		{229CF34A-B45E-46BE-9DF7-94D1BBFC05BC}.AppStore|x64.ActiveCfg = Release|Any CPU
		{229CF34A-B45E-46BE-9DF7-94D1BBFC05BC}.AppStore|x64.Build.0 = Release|Any CPU
		{229CF34A-B45E-46BE-9DF7-94D1BBFC05BC}.AppStore|x64.Deploy.0 = Release|Any CPU
		{229CF34A-B45E-46BE-9DF7-94D1BBFC05BC}.AppStore|x86.ActiveCfg = Release|Any CPU
		{229CF34A-B45E-46BE-9DF7-94D1BBFC05BC}.AppStore|x86.Build.0 = Release|Any CPU
		{229CF34A-B45E-46BE-9DF7-94D1BBFC05BC}.AppStore|x86.Deploy.0 = Release|Any CPU
		{229CF34A-B45E-46BE-9DF7-94D1BBFC05BC}.Debug|Any CPU.ActiveCfg = Debug|Any CPU
		{229CF34A-B45E-46BE-9DF7-94D1BBFC05BC}.Debug|Any CPU.Build.0 = Debug|Any CPU
		{229CF34A-B45E-46BE-9DF7-94D1BBFC05BC}.Debug|Any CPU.Deploy.0 = Debug|Any CPU
		{229CF34A-B45E-46BE-9DF7-94D1BBFC05BC}.Debug|ARM.ActiveCfg = Debug|Any CPU
		{229CF34A-B45E-46BE-9DF7-94D1BBFC05BC}.Debug|ARM.Build.0 = Debug|Any CPU
		{229CF34A-B45E-46BE-9DF7-94D1BBFC05BC}.Debug|ARM.Deploy.0 = Debug|Any CPU
		{229CF34A-B45E-46BE-9DF7-94D1BBFC05BC}.Debug|iPhone.ActiveCfg = Debug|Any CPU
		{229CF34A-B45E-46BE-9DF7-94D1BBFC05BC}.Debug|iPhone.Build.0 = Debug|Any CPU
		{229CF34A-B45E-46BE-9DF7-94D1BBFC05BC}.Debug|iPhone.Deploy.0 = Debug|Any CPU
		{229CF34A-B45E-46BE-9DF7-94D1BBFC05BC}.Debug|iPhoneSimulator.ActiveCfg = Debug|Any CPU
		{229CF34A-B45E-46BE-9DF7-94D1BBFC05BC}.Debug|iPhoneSimulator.Build.0 = Debug|Any CPU
		{229CF34A-B45E-46BE-9DF7-94D1BBFC05BC}.Debug|iPhoneSimulator.Deploy.0 = Debug|Any CPU
		{229CF34A-B45E-46BE-9DF7-94D1BBFC05BC}.Debug|x64.ActiveCfg = Debug|Any CPU
		{229CF34A-B45E-46BE-9DF7-94D1BBFC05BC}.Debug|x64.Build.0 = Debug|Any CPU
		{229CF34A-B45E-46BE-9DF7-94D1BBFC05BC}.Debug|x64.Deploy.0 = Debug|Any CPU
		{229CF34A-B45E-46BE-9DF7-94D1BBFC05BC}.Debug|x86.ActiveCfg = Debug|Any CPU
		{229CF34A-B45E-46BE-9DF7-94D1BBFC05BC}.Debug|x86.Build.0 = Debug|Any CPU
		{229CF34A-B45E-46BE-9DF7-94D1BBFC05BC}.Debug|x86.Deploy.0 = Debug|Any CPU
		{229CF34A-B45E-46BE-9DF7-94D1BBFC05BC}.Release|Any CPU.ActiveCfg = Release|Any CPU
		{229CF34A-B45E-46BE-9DF7-94D1BBFC05BC}.Release|Any CPU.Build.0 = Release|Any CPU
		{229CF34A-B45E-46BE-9DF7-94D1BBFC05BC}.Release|Any CPU.Deploy.0 = Release|Any CPU
		{229CF34A-B45E-46BE-9DF7-94D1BBFC05BC}.Release|ARM.ActiveCfg = Release|Any CPU
		{229CF34A-B45E-46BE-9DF7-94D1BBFC05BC}.Release|ARM.Build.0 = Release|Any CPU
		{229CF34A-B45E-46BE-9DF7-94D1BBFC05BC}.Release|ARM.Deploy.0 = Release|Any CPU
		{229CF34A-B45E-46BE-9DF7-94D1BBFC05BC}.Release|iPhone.ActiveCfg = Release|Any CPU
		{229CF34A-B45E-46BE-9DF7-94D1BBFC05BC}.Release|iPhone.Build.0 = Release|Any CPU
		{229CF34A-B45E-46BE-9DF7-94D1BBFC05BC}.Release|iPhone.Deploy.0 = Release|Any CPU
		{229CF34A-B45E-46BE-9DF7-94D1BBFC05BC}.Release|iPhoneSimulator.ActiveCfg = Release|Any CPU
		{229CF34A-B45E-46BE-9DF7-94D1BBFC05BC}.Release|iPhoneSimulator.Build.0 = Release|Any CPU
		{229CF34A-B45E-46BE-9DF7-94D1BBFC05BC}.Release|iPhoneSimulator.Deploy.0 = Release|Any CPU
		{229CF34A-B45E-46BE-9DF7-94D1BBFC05BC}.Release|x64.ActiveCfg = Release|Any CPU
		{229CF34A-B45E-46BE-9DF7-94D1BBFC05BC}.Release|x64.Build.0 = Release|Any CPU
		{229CF34A-B45E-46BE-9DF7-94D1BBFC05BC}.Release|x64.Deploy.0 = Release|Any CPU
		{229CF34A-B45E-46BE-9DF7-94D1BBFC05BC}.Release|x86.ActiveCfg = Release|Any CPU
		{229CF34A-B45E-46BE-9DF7-94D1BBFC05BC}.Release|x86.Build.0 = Release|Any CPU
		{229CF34A-B45E-46BE-9DF7-94D1BBFC05BC}.Release|x86.Deploy.0 = Release|Any CPU
		{2660F935-DDBF-4738-9B8B-8F7F765A2411}.Ad-Hoc|Any CPU.ActiveCfg = Ad-Hoc|iPhone
		{2660F935-DDBF-4738-9B8B-8F7F765A2411}.Ad-Hoc|Any CPU.Build.0 = Ad-Hoc|iPhone
		{2660F935-DDBF-4738-9B8B-8F7F765A2411}.Ad-Hoc|Any CPU.Deploy.0 = Ad-Hoc|iPhone
		{2660F935-DDBF-4738-9B8B-8F7F765A2411}.Ad-Hoc|ARM.ActiveCfg = Ad-Hoc|iPhone
		{2660F935-DDBF-4738-9B8B-8F7F765A2411}.Ad-Hoc|ARM.Build.0 = Ad-Hoc|iPhone
		{2660F935-DDBF-4738-9B8B-8F7F765A2411}.Ad-Hoc|ARM.Deploy.0 = Ad-Hoc|iPhone
		{2660F935-DDBF-4738-9B8B-8F7F765A2411}.Ad-Hoc|iPhone.ActiveCfg = Ad-Hoc|iPhone
		{2660F935-DDBF-4738-9B8B-8F7F765A2411}.Ad-Hoc|iPhone.Build.0 = Ad-Hoc|iPhone
		{2660F935-DDBF-4738-9B8B-8F7F765A2411}.Ad-Hoc|iPhone.Deploy.0 = Ad-Hoc|iPhone
		{2660F935-DDBF-4738-9B8B-8F7F765A2411}.Ad-Hoc|iPhoneSimulator.ActiveCfg = Ad-Hoc|iPhoneSimulator
		{2660F935-DDBF-4738-9B8B-8F7F765A2411}.Ad-Hoc|iPhoneSimulator.Build.0 = Ad-Hoc|iPhoneSimulator
		{2660F935-DDBF-4738-9B8B-8F7F765A2411}.Ad-Hoc|iPhoneSimulator.Deploy.0 = Ad-Hoc|iPhoneSimulator
		{2660F935-DDBF-4738-9B8B-8F7F765A2411}.Ad-Hoc|x64.ActiveCfg = Ad-Hoc|iPhone
		{2660F935-DDBF-4738-9B8B-8F7F765A2411}.Ad-Hoc|x64.Build.0 = Ad-Hoc|iPhone
		{2660F935-DDBF-4738-9B8B-8F7F765A2411}.Ad-Hoc|x64.Deploy.0 = Ad-Hoc|iPhone
		{2660F935-DDBF-4738-9B8B-8F7F765A2411}.Ad-Hoc|x86.ActiveCfg = Ad-Hoc|iPhone
		{2660F935-DDBF-4738-9B8B-8F7F765A2411}.Ad-Hoc|x86.Build.0 = Ad-Hoc|iPhone
		{2660F935-DDBF-4738-9B8B-8F7F765A2411}.Ad-Hoc|x86.Deploy.0 = Ad-Hoc|iPhone
		{2660F935-DDBF-4738-9B8B-8F7F765A2411}.AppStore|Any CPU.ActiveCfg = AppStore|iPhone
		{2660F935-DDBF-4738-9B8B-8F7F765A2411}.AppStore|Any CPU.Build.0 = AppStore|iPhone
		{2660F935-DDBF-4738-9B8B-8F7F765A2411}.AppStore|Any CPU.Deploy.0 = AppStore|iPhone
		{2660F935-DDBF-4738-9B8B-8F7F765A2411}.AppStore|ARM.ActiveCfg = AppStore|iPhone
		{2660F935-DDBF-4738-9B8B-8F7F765A2411}.AppStore|ARM.Build.0 = AppStore|iPhone
		{2660F935-DDBF-4738-9B8B-8F7F765A2411}.AppStore|ARM.Deploy.0 = AppStore|iPhone
		{2660F935-DDBF-4738-9B8B-8F7F765A2411}.AppStore|iPhone.ActiveCfg = AppStore|iPhone
		{2660F935-DDBF-4738-9B8B-8F7F765A2411}.AppStore|iPhone.Build.0 = AppStore|iPhone
		{2660F935-DDBF-4738-9B8B-8F7F765A2411}.AppStore|iPhone.Deploy.0 = AppStore|iPhone
		{2660F935-DDBF-4738-9B8B-8F7F765A2411}.AppStore|iPhoneSimulator.ActiveCfg = AppStore|iPhoneSimulator
		{2660F935-DDBF-4738-9B8B-8F7F765A2411}.AppStore|iPhoneSimulator.Build.0 = AppStore|iPhoneSimulator
		{2660F935-DDBF-4738-9B8B-8F7F765A2411}.AppStore|iPhoneSimulator.Deploy.0 = AppStore|iPhoneSimulator
		{2660F935-DDBF-4738-9B8B-8F7F765A2411}.AppStore|x64.ActiveCfg = AppStore|iPhone
		{2660F935-DDBF-4738-9B8B-8F7F765A2411}.AppStore|x64.Build.0 = AppStore|iPhone
		{2660F935-DDBF-4738-9B8B-8F7F765A2411}.AppStore|x64.Deploy.0 = AppStore|iPhone
		{2660F935-DDBF-4738-9B8B-8F7F765A2411}.AppStore|x86.ActiveCfg = AppStore|iPhone
		{2660F935-DDBF-4738-9B8B-8F7F765A2411}.AppStore|x86.Build.0 = AppStore|iPhone
		{2660F935-DDBF-4738-9B8B-8F7F765A2411}.AppStore|x86.Deploy.0 = AppStore|iPhone
		{2660F935-DDBF-4738-9B8B-8F7F765A2411}.Debug|Any CPU.ActiveCfg = Debug|iPhoneSimulator
		{2660F935-DDBF-4738-9B8B-8F7F765A2411}.Debug|Any CPU.Build.0 = Debug|iPhoneSimulator
		{2660F935-DDBF-4738-9B8B-8F7F765A2411}.Debug|Any CPU.Deploy.0 = Debug|iPhoneSimulator
		{2660F935-DDBF-4738-9B8B-8F7F765A2411}.Debug|ARM.ActiveCfg = Debug|iPhone
		{2660F935-DDBF-4738-9B8B-8F7F765A2411}.Debug|ARM.Build.0 = Debug|iPhone
		{2660F935-DDBF-4738-9B8B-8F7F765A2411}.Debug|ARM.Deploy.0 = Debug|iPhone
		{2660F935-DDBF-4738-9B8B-8F7F765A2411}.Debug|iPhone.ActiveCfg = Debug|iPhone
		{2660F935-DDBF-4738-9B8B-8F7F765A2411}.Debug|iPhone.Build.0 = Debug|iPhone
		{2660F935-DDBF-4738-9B8B-8F7F765A2411}.Debug|iPhone.Deploy.0 = Debug|iPhone
		{2660F935-DDBF-4738-9B8B-8F7F765A2411}.Debug|iPhoneSimulator.ActiveCfg = Debug|iPhoneSimulator
		{2660F935-DDBF-4738-9B8B-8F7F765A2411}.Debug|iPhoneSimulator.Build.0 = Debug|iPhoneSimulator
		{2660F935-DDBF-4738-9B8B-8F7F765A2411}.Debug|iPhoneSimulator.Deploy.0 = Debug|iPhoneSimulator
		{2660F935-DDBF-4738-9B8B-8F7F765A2411}.Debug|x64.ActiveCfg = Debug|iPhone
		{2660F935-DDBF-4738-9B8B-8F7F765A2411}.Debug|x64.Build.0 = Debug|iPhone
		{2660F935-DDBF-4738-9B8B-8F7F765A2411}.Debug|x64.Deploy.0 = Debug|iPhone
		{2660F935-DDBF-4738-9B8B-8F7F765A2411}.Debug|x86.ActiveCfg = Debug|iPhone
		{2660F935-DDBF-4738-9B8B-8F7F765A2411}.Debug|x86.Build.0 = Debug|iPhone
		{2660F935-DDBF-4738-9B8B-8F7F765A2411}.Debug|x86.Deploy.0 = Debug|iPhone
		{2660F935-DDBF-4738-9B8B-8F7F765A2411}.Release|Any CPU.ActiveCfg = Release|iPhone
		{2660F935-DDBF-4738-9B8B-8F7F765A2411}.Release|Any CPU.Build.0 = Release|iPhone
		{2660F935-DDBF-4738-9B8B-8F7F765A2411}.Release|Any CPU.Deploy.0 = Release|iPhone
		{2660F935-DDBF-4738-9B8B-8F7F765A2411}.Release|ARM.ActiveCfg = Release|iPhone
		{2660F935-DDBF-4738-9B8B-8F7F765A2411}.Release|ARM.Build.0 = Release|iPhone
		{2660F935-DDBF-4738-9B8B-8F7F765A2411}.Release|ARM.Deploy.0 = Release|iPhone
		{2660F935-DDBF-4738-9B8B-8F7F765A2411}.Release|iPhone.ActiveCfg = Release|iPhone
		{2660F935-DDBF-4738-9B8B-8F7F765A2411}.Release|iPhone.Build.0 = Release|iPhone
		{2660F935-DDBF-4738-9B8B-8F7F765A2411}.Release|iPhone.Deploy.0 = Release|iPhone
		{2660F935-DDBF-4738-9B8B-8F7F765A2411}.Release|iPhoneSimulator.ActiveCfg = Release|iPhoneSimulator
		{2660F935-DDBF-4738-9B8B-8F7F765A2411}.Release|iPhoneSimulator.Build.0 = Release|iPhoneSimulator
		{2660F935-DDBF-4738-9B8B-8F7F765A2411}.Release|iPhoneSimulator.Deploy.0 = Release|iPhoneSimulator
		{2660F935-DDBF-4738-9B8B-8F7F765A2411}.Release|x64.ActiveCfg = Release|iPhone
		{2660F935-DDBF-4738-9B8B-8F7F765A2411}.Release|x64.Build.0 = Release|iPhone
		{2660F935-DDBF-4738-9B8B-8F7F765A2411}.Release|x64.Deploy.0 = Release|iPhone
		{2660F935-DDBF-4738-9B8B-8F7F765A2411}.Release|x86.ActiveCfg = Release|iPhone
		{2660F935-DDBF-4738-9B8B-8F7F765A2411}.Release|x86.Build.0 = Release|iPhone
		{2660F935-DDBF-4738-9B8B-8F7F765A2411}.Release|x86.Deploy.0 = Release|iPhone
		{332C9C73-945C-46BC-A2CE-3C44F6F97A50}.Ad-Hoc|Any CPU.ActiveCfg = Release|x86
		{332C9C73-945C-46BC-A2CE-3C44F6F97A50}.Ad-Hoc|Any CPU.Build.0 = Release|x86
		{332C9C73-945C-46BC-A2CE-3C44F6F97A50}.Ad-Hoc|Any CPU.Deploy.0 = Release|x86
		{332C9C73-945C-46BC-A2CE-3C44F6F97A50}.Ad-Hoc|ARM.ActiveCfg = Release|ARM
		{332C9C73-945C-46BC-A2CE-3C44F6F97A50}.Ad-Hoc|ARM.Build.0 = Release|ARM
		{332C9C73-945C-46BC-A2CE-3C44F6F97A50}.Ad-Hoc|ARM.Deploy.0 = Release|ARM
		{332C9C73-945C-46BC-A2CE-3C44F6F97A50}.Ad-Hoc|iPhone.ActiveCfg = Release|x86
		{332C9C73-945C-46BC-A2CE-3C44F6F97A50}.Ad-Hoc|iPhone.Build.0 = Release|x86
		{332C9C73-945C-46BC-A2CE-3C44F6F97A50}.Ad-Hoc|iPhone.Deploy.0 = Release|x86
		{332C9C73-945C-46BC-A2CE-3C44F6F97A50}.Ad-Hoc|iPhoneSimulator.ActiveCfg = Release|x86
		{332C9C73-945C-46BC-A2CE-3C44F6F97A50}.Ad-Hoc|iPhoneSimulator.Build.0 = Release|x86
		{332C9C73-945C-46BC-A2CE-3C44F6F97A50}.Ad-Hoc|iPhoneSimulator.Deploy.0 = Release|x86
		{332C9C73-945C-46BC-A2CE-3C44F6F97A50}.Ad-Hoc|x64.ActiveCfg = Release|x64
		{332C9C73-945C-46BC-A2CE-3C44F6F97A50}.Ad-Hoc|x64.Build.0 = Release|x64
		{332C9C73-945C-46BC-A2CE-3C44F6F97A50}.Ad-Hoc|x64.Deploy.0 = Release|x64
		{332C9C73-945C-46BC-A2CE-3C44F6F97A50}.Ad-Hoc|x86.ActiveCfg = Release|x86
		{332C9C73-945C-46BC-A2CE-3C44F6F97A50}.Ad-Hoc|x86.Build.0 = Release|x86
		{332C9C73-945C-46BC-A2CE-3C44F6F97A50}.Ad-Hoc|x86.Deploy.0 = Release|x86
		{332C9C73-945C-46BC-A2CE-3C44F6F97A50}.AppStore|Any CPU.ActiveCfg = Release|x86
		{332C9C73-945C-46BC-A2CE-3C44F6F97A50}.AppStore|Any CPU.Build.0 = Release|x86
		{332C9C73-945C-46BC-A2CE-3C44F6F97A50}.AppStore|Any CPU.Deploy.0 = Release|x86
		{332C9C73-945C-46BC-A2CE-3C44F6F97A50}.AppStore|ARM.ActiveCfg = Release|ARM
		{332C9C73-945C-46BC-A2CE-3C44F6F97A50}.AppStore|ARM.Build.0 = Release|ARM
		{332C9C73-945C-46BC-A2CE-3C44F6F97A50}.AppStore|ARM.Deploy.0 = Release|ARM
		{332C9C73-945C-46BC-A2CE-3C44F6F97A50}.AppStore|iPhone.ActiveCfg = Release|x86
		{332C9C73-945C-46BC-A2CE-3C44F6F97A50}.AppStore|iPhone.Build.0 = Release|x86
		{332C9C73-945C-46BC-A2CE-3C44F6F97A50}.AppStore|iPhone.Deploy.0 = Release|x86
		{332C9C73-945C-46BC-A2CE-3C44F6F97A50}.AppStore|iPhoneSimulator.ActiveCfg = Release|x86
		{332C9C73-945C-46BC-A2CE-3C44F6F97A50}.AppStore|iPhoneSimulator.Build.0 = Release|x86
		{332C9C73-945C-46BC-A2CE-3C44F6F97A50}.AppStore|iPhoneSimulator.Deploy.0 = Release|x86
		{332C9C73-945C-46BC-A2CE-3C44F6F97A50}.AppStore|x64.ActiveCfg = Release|x64
		{332C9C73-945C-46BC-A2CE-3C44F6F97A50}.AppStore|x64.Build.0 = Release|x64
		{332C9C73-945C-46BC-A2CE-3C44F6F97A50}.AppStore|x64.Deploy.0 = Release|x64
		{332C9C73-945C-46BC-A2CE-3C44F6F97A50}.AppStore|x86.ActiveCfg = Release|x86
		{332C9C73-945C-46BC-A2CE-3C44F6F97A50}.AppStore|x86.Build.0 = Release|x86
		{332C9C73-945C-46BC-A2CE-3C44F6F97A50}.AppStore|x86.Deploy.0 = Release|x86
		{332C9C73-945C-46BC-A2CE-3C44F6F97A50}.Debug|Any CPU.ActiveCfg = Debug|x86
		{332C9C73-945C-46BC-A2CE-3C44F6F97A50}.Debug|Any CPU.Build.0 = Debug|x86
		{332C9C73-945C-46BC-A2CE-3C44F6F97A50}.Debug|Any CPU.Deploy.0 = Debug|x86
		{332C9C73-945C-46BC-A2CE-3C44F6F97A50}.Debug|ARM.ActiveCfg = Debug|ARM
		{332C9C73-945C-46BC-A2CE-3C44F6F97A50}.Debug|ARM.Build.0 = Debug|ARM
		{332C9C73-945C-46BC-A2CE-3C44F6F97A50}.Debug|ARM.Deploy.0 = Debug|ARM
		{332C9C73-945C-46BC-A2CE-3C44F6F97A50}.Debug|iPhone.ActiveCfg = Debug|x86
		{332C9C73-945C-46BC-A2CE-3C44F6F97A50}.Debug|iPhone.Build.0 = Debug|x86
		{332C9C73-945C-46BC-A2CE-3C44F6F97A50}.Debug|iPhone.Deploy.0 = Debug|x86
		{332C9C73-945C-46BC-A2CE-3C44F6F97A50}.Debug|iPhoneSimulator.ActiveCfg = Debug|x86
		{332C9C73-945C-46BC-A2CE-3C44F6F97A50}.Debug|iPhoneSimulator.Build.0 = Debug|x86
		{332C9C73-945C-46BC-A2CE-3C44F6F97A50}.Debug|iPhoneSimulator.Deploy.0 = Debug|x86
		{332C9C73-945C-46BC-A2CE-3C44F6F97A50}.Debug|x64.ActiveCfg = Debug|x64
		{332C9C73-945C-46BC-A2CE-3C44F6F97A50}.Debug|x64.Build.0 = Debug|x64
		{332C9C73-945C-46BC-A2CE-3C44F6F97A50}.Debug|x64.Deploy.0 = Debug|x64
		{332C9C73-945C-46BC-A2CE-3C44F6F97A50}.Debug|x86.ActiveCfg = Debug|x86
		{332C9C73-945C-46BC-A2CE-3C44F6F97A50}.Debug|x86.Build.0 = Debug|x86
		{332C9C73-945C-46BC-A2CE-3C44F6F97A50}.Debug|x86.Deploy.0 = Debug|x86
		{332C9C73-945C-46BC-A2CE-3C44F6F97A50}.Release|Any CPU.ActiveCfg = Release|x86
		{332C9C73-945C-46BC-A2CE-3C44F6F97A50}.Release|Any CPU.Build.0 = Release|x86
		{332C9C73-945C-46BC-A2CE-3C44F6F97A50}.Release|Any CPU.Deploy.0 = Release|x86
		{332C9C73-945C-46BC-A2CE-3C44F6F97A50}.Release|ARM.ActiveCfg = Release|ARM
		{332C9C73-945C-46BC-A2CE-3C44F6F97A50}.Release|ARM.Build.0 = Release|ARM
		{332C9C73-945C-46BC-A2CE-3C44F6F97A50}.Release|ARM.Deploy.0 = Release|ARM
		{332C9C73-945C-46BC-A2CE-3C44F6F97A50}.Release|iPhone.ActiveCfg = Release|x86
		{332C9C73-945C-46BC-A2CE-3C44F6F97A50}.Release|iPhone.Build.0 = Release|x86
		{332C9C73-945C-46BC-A2CE-3C44F6F97A50}.Release|iPhone.Deploy.0 = Release|x86
		{332C9C73-945C-46BC-A2CE-3C44F6F97A50}.Release|iPhoneSimulator.ActiveCfg = Release|x86
		{332C9C73-945C-46BC-A2CE-3C44F6F97A50}.Release|iPhoneSimulator.Build.0 = Release|x86
		{332C9C73-945C-46BC-A2CE-3C44F6F97A50}.Release|iPhoneSimulator.Deploy.0 = Release|x86
		{332C9C73-945C-46BC-A2CE-3C44F6F97A50}.Release|x64.ActiveCfg = Release|x64
		{332C9C73-945C-46BC-A2CE-3C44F6F97A50}.Release|x64.Build.0 = Release|x64
		{332C9C73-945C-46BC-A2CE-3C44F6F97A50}.Release|x64.Deploy.0 = Release|x64
		{332C9C73-945C-46BC-A2CE-3C44F6F97A50}.Release|x86.ActiveCfg = Release|x86
		{332C9C73-945C-46BC-A2CE-3C44F6F97A50}.Release|x86.Build.0 = Release|x86
		{332C9C73-945C-46BC-A2CE-3C44F6F97A50}.Release|x86.Deploy.0 = Release|x86
		{5C8F8DAB-9F77-4E53-9C2D-DD752EA397EE}.Ad-Hoc|Any CPU.ActiveCfg = Debug|Any CPU
		{5C8F8DAB-9F77-4E53-9C2D-DD752EA397EE}.Ad-Hoc|Any CPU.Build.0 = Debug|Any CPU
		{5C8F8DAB-9F77-4E53-9C2D-DD752EA397EE}.Ad-Hoc|Any CPU.Deploy.0 = Debug|Any CPU
		{5C8F8DAB-9F77-4E53-9C2D-DD752EA397EE}.Ad-Hoc|ARM.ActiveCfg = Debug|Any CPU
		{5C8F8DAB-9F77-4E53-9C2D-DD752EA397EE}.Ad-Hoc|ARM.Build.0 = Debug|Any CPU
		{5C8F8DAB-9F77-4E53-9C2D-DD752EA397EE}.Ad-Hoc|ARM.Deploy.0 = Debug|Any CPU
		{5C8F8DAB-9F77-4E53-9C2D-DD752EA397EE}.Ad-Hoc|iPhone.ActiveCfg = Debug|Any CPU
		{5C8F8DAB-9F77-4E53-9C2D-DD752EA397EE}.Ad-Hoc|iPhone.Build.0 = Debug|Any CPU
		{5C8F8DAB-9F77-4E53-9C2D-DD752EA397EE}.Ad-Hoc|iPhone.Deploy.0 = Debug|Any CPU
		{5C8F8DAB-9F77-4E53-9C2D-DD752EA397EE}.Ad-Hoc|iPhoneSimulator.ActiveCfg = Debug|Any CPU
		{5C8F8DAB-9F77-4E53-9C2D-DD752EA397EE}.Ad-Hoc|iPhoneSimulator.Build.0 = Debug|Any CPU
		{5C8F8DAB-9F77-4E53-9C2D-DD752EA397EE}.Ad-Hoc|iPhoneSimulator.Deploy.0 = Debug|Any CPU
		{5C8F8DAB-9F77-4E53-9C2D-DD752EA397EE}.Ad-Hoc|x64.ActiveCfg = Debug|Any CPU
		{5C8F8DAB-9F77-4E53-9C2D-DD752EA397EE}.Ad-Hoc|x64.Build.0 = Debug|Any CPU
		{5C8F8DAB-9F77-4E53-9C2D-DD752EA397EE}.Ad-Hoc|x64.Deploy.0 = Debug|Any CPU
		{5C8F8DAB-9F77-4E53-9C2D-DD752EA397EE}.Ad-Hoc|x86.ActiveCfg = Debug|Any CPU
		{5C8F8DAB-9F77-4E53-9C2D-DD752EA397EE}.Ad-Hoc|x86.Build.0 = Debug|Any CPU
		{5C8F8DAB-9F77-4E53-9C2D-DD752EA397EE}.Ad-Hoc|x86.Deploy.0 = Debug|Any CPU
		{5C8F8DAB-9F77-4E53-9C2D-DD752EA397EE}.AppStore|Any CPU.ActiveCfg = Debug|Any CPU
		{5C8F8DAB-9F77-4E53-9C2D-DD752EA397EE}.AppStore|Any CPU.Build.0 = Debug|Any CPU
		{5C8F8DAB-9F77-4E53-9C2D-DD752EA397EE}.AppStore|Any CPU.Deploy.0 = Debug|Any CPU
		{5C8F8DAB-9F77-4E53-9C2D-DD752EA397EE}.AppStore|ARM.ActiveCfg = Debug|Any CPU
		{5C8F8DAB-9F77-4E53-9C2D-DD752EA397EE}.AppStore|ARM.Build.0 = Debug|Any CPU
		{5C8F8DAB-9F77-4E53-9C2D-DD752EA397EE}.AppStore|ARM.Deploy.0 = Debug|Any CPU
		{5C8F8DAB-9F77-4E53-9C2D-DD752EA397EE}.AppStore|iPhone.ActiveCfg = Debug|Any CPU
		{5C8F8DAB-9F77-4E53-9C2D-DD752EA397EE}.AppStore|iPhone.Build.0 = Debug|Any CPU
		{5C8F8DAB-9F77-4E53-9C2D-DD752EA397EE}.AppStore|iPhone.Deploy.0 = Debug|Any CPU
		{5C8F8DAB-9F77-4E53-9C2D-DD752EA397EE}.AppStore|iPhoneSimulator.ActiveCfg = Debug|Any CPU
		{5C8F8DAB-9F77-4E53-9C2D-DD752EA397EE}.AppStore|iPhoneSimulator.Build.0 = Debug|Any CPU
		{5C8F8DAB-9F77-4E53-9C2D-DD752EA397EE}.AppStore|iPhoneSimulator.Deploy.0 = Debug|Any CPU
		{5C8F8DAB-9F77-4E53-9C2D-DD752EA397EE}.AppStore|x64.ActiveCfg = Debug|Any CPU
		{5C8F8DAB-9F77-4E53-9C2D-DD752EA397EE}.AppStore|x64.Build.0 = Debug|Any CPU
		{5C8F8DAB-9F77-4E53-9C2D-DD752EA397EE}.AppStore|x64.Deploy.0 = Debug|Any CPU
		{5C8F8DAB-9F77-4E53-9C2D-DD752EA397EE}.AppStore|x86.ActiveCfg = Debug|Any CPU
		{5C8F8DAB-9F77-4E53-9C2D-DD752EA397EE}.AppStore|x86.Build.0 = Debug|Any CPU
		{5C8F8DAB-9F77-4E53-9C2D-DD752EA397EE}.AppStore|x86.Deploy.0 = Debug|Any CPU
		{5C8F8DAB-9F77-4E53-9C2D-DD752EA397EE}.Debug|Any CPU.ActiveCfg = Debug|Any CPU
		{5C8F8DAB-9F77-4E53-9C2D-DD752EA397EE}.Debug|Any CPU.Build.0 = Debug|Any CPU
		{5C8F8DAB-9F77-4E53-9C2D-DD752EA397EE}.Debug|Any CPU.Deploy.0 = Debug|Any CPU
		{5C8F8DAB-9F77-4E53-9C2D-DD752EA397EE}.Debug|ARM.ActiveCfg = Debug|Any CPU
		{5C8F8DAB-9F77-4E53-9C2D-DD752EA397EE}.Debug|ARM.Build.0 = Debug|Any CPU
		{5C8F8DAB-9F77-4E53-9C2D-DD752EA397EE}.Debug|ARM.Deploy.0 = Debug|Any CPU
		{5C8F8DAB-9F77-4E53-9C2D-DD752EA397EE}.Debug|iPhone.ActiveCfg = Debug|Any CPU
		{5C8F8DAB-9F77-4E53-9C2D-DD752EA397EE}.Debug|iPhone.Build.0 = Debug|Any CPU
		{5C8F8DAB-9F77-4E53-9C2D-DD752EA397EE}.Debug|iPhone.Deploy.0 = Debug|Any CPU
		{5C8F8DAB-9F77-4E53-9C2D-DD752EA397EE}.Debug|iPhoneSimulator.ActiveCfg = Debug|Any CPU
		{5C8F8DAB-9F77-4E53-9C2D-DD752EA397EE}.Debug|iPhoneSimulator.Build.0 = Debug|Any CPU
		{5C8F8DAB-9F77-4E53-9C2D-DD752EA397EE}.Debug|iPhoneSimulator.Deploy.0 = Debug|Any CPU
		{5C8F8DAB-9F77-4E53-9C2D-DD752EA397EE}.Debug|x64.ActiveCfg = Debug|Any CPU
		{5C8F8DAB-9F77-4E53-9C2D-DD752EA397EE}.Debug|x64.Build.0 = Debug|Any CPU
		{5C8F8DAB-9F77-4E53-9C2D-DD752EA397EE}.Debug|x64.Deploy.0 = Debug|Any CPU
		{5C8F8DAB-9F77-4E53-9C2D-DD752EA397EE}.Debug|x86.ActiveCfg = Debug|Any CPU
		{5C8F8DAB-9F77-4E53-9C2D-DD752EA397EE}.Debug|x86.Build.0 = Debug|Any CPU
		{5C8F8DAB-9F77-4E53-9C2D-DD752EA397EE}.Debug|x86.Deploy.0 = Debug|Any CPU
		{5C8F8DAB-9F77-4E53-9C2D-DD752EA397EE}.Release|Any CPU.ActiveCfg = Release|Any CPU
		{5C8F8DAB-9F77-4E53-9C2D-DD752EA397EE}.Release|Any CPU.Build.0 = Release|Any CPU
		{5C8F8DAB-9F77-4E53-9C2D-DD752EA397EE}.Release|Any CPU.Deploy.0 = Release|Any CPU
		{5C8F8DAB-9F77-4E53-9C2D-DD752EA397EE}.Release|ARM.ActiveCfg = Release|Any CPU
		{5C8F8DAB-9F77-4E53-9C2D-DD752EA397EE}.Release|ARM.Build.0 = Release|Any CPU
		{5C8F8DAB-9F77-4E53-9C2D-DD752EA397EE}.Release|ARM.Deploy.0 = Release|Any CPU
		{5C8F8DAB-9F77-4E53-9C2D-DD752EA397EE}.Release|iPhone.ActiveCfg = Release|Any CPU
		{5C8F8DAB-9F77-4E53-9C2D-DD752EA397EE}.Release|iPhone.Build.0 = Release|Any CPU
		{5C8F8DAB-9F77-4E53-9C2D-DD752EA397EE}.Release|iPhone.Deploy.0 = Release|Any CPU
		{5C8F8DAB-9F77-4E53-9C2D-DD752EA397EE}.Release|iPhoneSimulator.ActiveCfg = Release|Any CPU
		{5C8F8DAB-9F77-4E53-9C2D-DD752EA397EE}.Release|iPhoneSimulator.Build.0 = Release|Any CPU
		{5C8F8DAB-9F77-4E53-9C2D-DD752EA397EE}.Release|iPhoneSimulator.Deploy.0 = Release|Any CPU
		{5C8F8DAB-9F77-4E53-9C2D-DD752EA397EE}.Release|x64.ActiveCfg = Release|Any CPU
		{5C8F8DAB-9F77-4E53-9C2D-DD752EA397EE}.Release|x64.Build.0 = Release|Any CPU
		{5C8F8DAB-9F77-4E53-9C2D-DD752EA397EE}.Release|x64.Deploy.0 = Release|Any CPU
		{5C8F8DAB-9F77-4E53-9C2D-DD752EA397EE}.Release|x86.ActiveCfg = Release|Any CPU
		{5C8F8DAB-9F77-4E53-9C2D-DD752EA397EE}.Release|x86.Build.0 = Release|Any CPU
		{5C8F8DAB-9F77-4E53-9C2D-DD752EA397EE}.Release|x86.Deploy.0 = Release|Any CPU
	EndGlobalSection
	GlobalSection(SolutionProperties) = preSolution
		HideSolutionNode = FALSE
	EndGlobalSection
	GlobalSection(ExtensibilityGlobals) = postSolution
		SolutionGuid = {CAA46496-AFCC-407B-8C90-0D7BB5A8E815}
	EndGlobalSection
EndGlobal
